
Microsoft Visual Studio Solution File, Format Version 12.00
# Visual Studio Version 16
VisualStudioVersion = 16.0.32602.291
MinimumVisualStudioVersion = 10.0.40219.1
Project("{FAE04EC0-301F-11D3-BF4B-00C04F79EFBC}") = "App01_Xamarin.UWP", "App01_Xamarin\App01_Xamarin.UWP\App01_Xamarin.UWP.csproj", "{F0F8C7F2-39CB-418F-89F4-79C4DF7155B5}"
EndProject
Project("{FAE04EC0-301F-11D3-BF4B-00C04F79EFBC}") = "App01_Xamarin.Android", "App01_Xamarin\App01_Xamarin.Android\App01_Xamarin.Android.csproj", "{4266093F-5E52-4C11-9962-892DD85CDD11}"
EndProject
Project("{FAE04EC0-301F-11D3-BF4B-00C04F79EFBC}") = "App01_Xamarin.iOS", "App01_Xamarin\App01_Xamarin.iOS\App01_Xamarin.iOS.csproj", "{33BA61FE-5882-4516-8116-DABFD1727EE3}"
EndProject
Project("{FAE04EC0-301F-11D3-BF4B-00C04F79EFBC}") = "App01_Xamarin", "App01_Xamarin\App01_Xamarin\App01_Xamarin.csproj", "{C4B30B85-C997-4180-8E34-58C9383421EC}"
EndProject
Global
	GlobalSection(SolutionConfigurationPlatforms) = preSolution
		Debug|Any CPU = Debug|Any CPU
		Debug|ARM = Debug|ARM
		Debug|iPhone = Debug|iPhone
		Debug|iPhoneSimulator = Debug|iPhoneSimulator
		Debug|x64 = Debug|x64
		Debug|x86 = Debug|x86
		Release|Any CPU = Release|Any CPU
		Release|ARM = Release|ARM
		Release|iPhone = Release|iPhone
		Release|iPhoneSimulator = Release|iPhoneSimulator
		Release|x64 = Release|x64
		Release|x86 = Release|x86
	EndGlobalSection
	GlobalSection(ProjectConfigurationPlatforms) = postSolution
		{F0F8C7F2-39CB-418F-89F4-79C4DF7155B5}.Debug|Any CPU.ActiveCfg = Debug|x86
		{F0F8C7F2-39CB-418F-89F4-79C4DF7155B5}.Debug|Any CPU.Build.0 = Debug|x86
		{F0F8C7F2-39CB-418F-89F4-79C4DF7155B5}.Debug|Any CPU.Deploy.0 = Debug|x86
		{F0F8C7F2-39CB-418F-89F4-79C4DF7155B5}.Debug|ARM.ActiveCfg = Debug|ARM
		{F0F8C7F2-39CB-418F-89F4-79C4DF7155B5}.Debug|ARM.Build.0 = Debug|ARM
		{F0F8C7F2-39CB-418F-89F4-79C4DF7155B5}.Debug|ARM.Deploy.0 = Debug|ARM
		{F0F8C7F2-39CB-418F-89F4-79C4DF7155B5}.Debug|iPhone.ActiveCfg = Debug|x86
		{F0F8C7F2-39CB-418F-89F4-79C4DF7155B5}.Debug|iPhone.Build.0 = Debug|x86
		{F0F8C7F2-39CB-418F-89F4-79C4DF7155B5}.Debug|iPhone.Deploy.0 = Debug|x86
		{F0F8C7F2-39CB-418F-89F4-79C4DF7155B5}.Debug|iPhoneSimulator.ActiveCfg = Debug|x86
		{F0F8C7F2-39CB-418F-89F4-79C4DF7155B5}.Debug|iPhoneSimulator.Build.0 = Debug|x86
		{F0F8C7F2-39CB-418F-89F4-79C4DF7155B5}.Debug|iPhoneSimulator.Deploy.0 = Debug|x86
		{F0F8C7F2-39CB-418F-89F4-79C4DF7155B5}.Debug|x64.ActiveCfg = Debug|x64
		{F0F8C7F2-39CB-418F-89F4-79C4DF7155B5}.Debug|x64.Build.0 = Debug|x64
		{F0F8C7F2-39CB-418F-89F4-79C4DF7155B5}.Debug|x64.Deploy.0 = Debug|x64
		{F0F8C7F2-39CB-418F-89F4-79C4DF7155B5}.Debug|x86.ActiveCfg = Debug|x86
		{F0F8C7F2-39CB-418F-89F4-79C4DF7155B5}.Debug|x86.Build.0 = Debug|x86
		{F0F8C7F2-39CB-418F-89F4-79C4DF7155B5}.Debug|x86.Deploy.0 = Debug|x86
		{F0F8C7F2-39CB-418F-89F4-79C4DF7155B5}.Release|Any CPU.ActiveCfg = Release|x86
		{F0F8C7F2-39CB-418F-89F4-79C4DF7155B5}.Release|Any CPU.Build.0 = Release|x86
		{F0F8C7F2-39CB-418F-89F4-79C4DF7155B5}.Release|Any CPU.Deploy.0 = Release|x86
		{F0F8C7F2-39CB-418F-89F4-79C4DF7155B5}.Release|ARM.ActiveCfg = Release|ARM
		{F0F8C7F2-39CB-418F-89F4-79C4DF7155B5}.Release|ARM.Build.0 = Release|ARM
		{F0F8C7F2-39CB-418F-89F4-79C4DF7155B5}.Release|ARM.Deploy.0 = Release|ARM
		{F0F8C7F2-39CB-418F-89F4-79C4DF7155B5}.Release|iPhone.ActiveCfg = Release|x86
		{F0F8C7F2-39CB-418F-89F4-79C4DF7155B5}.Release|iPhone.Build.0 = Release|x86
		{F0F8C7F2-39CB-418F-89F4-79C4DF7155B5}.Release|iPhone.Deploy.0 = Release|x86
		{F0F8C7F2-39CB-418F-89F4-79C4DF7155B5}.Release|iPhoneSimulator.ActiveCfg = Release|x86
		{F0F8C7F2-39CB-418F-89F4-79C4DF7155B5}.Release|iPhoneSimulator.Build.0 = Release|x86
		{F0F8C7F2-39CB-418F-89F4-79C4DF7155B5}.Release|iPhoneSimulator.Deploy.0 = Release|x86
		{F0F8C7F2-39CB-418F-89F4-79C4DF7155B5}.Release|x64.ActiveCfg = Release|x64
		{F0F8C7F2-39CB-418F-89F4-79C4DF7155B5}.Release|x64.Build.0 = Release|x64
		{F0F8C7F2-39CB-418F-89F4-79C4DF7155B5}.Release|x64.Deploy.0 = Release|x64
		{F0F8C7F2-39CB-418F-89F4-79C4DF7155B5}.Release|x86.ActiveCfg = Release|x86
		{F0F8C7F2-39CB-418F-89F4-79C4DF7155B5}.Release|x86.Build.0 = Release|x86
		{F0F8C7F2-39CB-418F-89F4-79C4DF7155B5}.Release|x86.Deploy.0 = Release|x86
		{4266093F-5E52-4C11-9962-892DD85CDD11}.Debug|Any CPU.ActiveCfg = Debug|Any CPU
		{4266093F-5E52-4C11-9962-892DD85CDD11}.Debug|Any CPU.Build.0 = Debug|Any CPU
		{4266093F-5E52-4C11-9962-892DD85CDD11}.Debug|Any CPU.Deploy.0 = Debug|Any CPU
		{4266093F-5E52-4C11-9962-892DD85CDD11}.Debug|ARM.ActiveCfg = Debug|Any CPU
		{4266093F-5E52-4C11-9962-892DD85CDD11}.Debug|ARM.Build.0 = Debug|Any CPU
		{4266093F-5E52-4C11-9962-892DD85CDD11}.Debug|ARM.Deploy.0 = Debug|Any CPU
		{4266093F-5E52-4C11-9962-892DD85CDD11}.Debug|iPhone.ActiveCfg = Debug|Any CPU
		{4266093F-5E52-4C11-9962-892DD85CDD11}.Debug|iPhone.Build.0 = Debug|Any CPU
		{4266093F-5E52-4C11-9962-892DD85CDD11}.Debug|iPhone.Deploy.0 = Debug|Any CPU
		{4266093F-5E52-4C11-9962-892DD85CDD11}.Debug|iPhoneSimulator.ActiveCfg = Debug|Any CPU
		{4266093F-5E52-4C11-9962-892DD85CDD11}.Debug|iPhoneSimulator.Build.0 = Debug|Any CPU
		{4266093F-5E52-4C11-9962-892DD85CDD11}.Debug|iPhoneSimulator.Deploy.0 = Debug|Any CPU
		{4266093F-5E52-4C11-9962-892DD85CDD11}.Debug|x64.ActiveCfg = Debug|Any CPU
		{4266093F-5E52-4C11-9962-892DD85CDD11}.Debug|x64.Build.0 = Debug|Any CPU
		{4266093F-5E52-4C11-9962-892DD85CDD11}.Debug|x64.Deploy.0 = Debug|Any CPU
		{4266093F-5E52-4C11-9962-892DD85CDD11}.Debug|x86.ActiveCfg = Debug|Any CPU
		{4266093F-5E52-4C11-9962-892DD85CDD11}.Debug|x86.Build.0 = Debug|Any CPU
		{4266093F-5E52-4C11-9962-892DD85CDD11}.Debug|x86.Deploy.0 = Debug|Any CPU
		{4266093F-5E52-4C11-9962-892DD85CDD11}.Release|Any CPU.ActiveCfg = Release|Any CPU
		{4266093F-5E52-4C11-9962-892DD85CDD11}.Release|Any CPU.Build.0 = Release|Any CPU
		{4266093F-5E52-4C11-9962-892DD85CDD11}.Release|Any CPU.Deploy.0 = Release|Any CPU
		{4266093F-5E52-4C11-9962-892DD85CDD11}.Release|ARM.ActiveCfg = Release|Any CPU
		{4266093F-5E52-4C11-9962-892DD85CDD11}.Release|ARM.Build.0 = Release|Any CPU
		{4266093F-5E52-4C11-9962-892DD85CDD11}.Release|ARM.Deploy.0 = Release|Any CPU
		{4266093F-5E52-4C11-9962-892DD85CDD11}.Release|iPhone.ActiveCfg = Release|Any CPU
		{4266093F-5E52-4C11-9962-892DD85CDD11}.Release|iPhone.Build.0 = Release|Any CPU
		{4266093F-5E52-4C11-9962-892DD85CDD11}.Release|iPhone.Deploy.0 = Release|Any CPU
		{4266093F-5E52-4C11-9962-892DD85CDD11}.Release|iPhoneSimulator.ActiveCfg = Release|Any CPU
		{4266093F-5E52-4C11-9962-892DD85CDD11}.Release|iPhoneSimulator.Build.0 = Release|Any CPU
		{4266093F-5E52-4C11-9962-892DD85CDD11}.Release|iPhoneSimulator.Deploy.0 = Release|Any CPU
		{4266093F-5E52-4C11-9962-892DD85CDD11}.Release|x64.ActiveCfg = Release|Any CPU
		{4266093F-5E52-4C11-9962-892DD85CDD11}.Release|x64.Build.0 = Release|Any CPU
		{4266093F-5E52-4C11-9962-892DD85CDD11}.Release|x64.Deploy.0 = Release|Any CPU
		{4266093F-5E52-4C11-9962-892DD85CDD11}.Release|x86.ActiveCfg = Release|Any CPU
		{4266093F-5E52-4C11-9962-892DD85CDD11}.Release|x86.Build.0 = Release|Any CPU
		{4266093F-5E52-4C11-9962-892DD85CDD11}.Release|x86.Deploy.0 = Release|Any CPU
		{33BA61FE-5882-4516-8116-DABFD1727EE3}.Debug|Any CPU.ActiveCfg = Debug|iPhoneSimulator
		{33BA61FE-5882-4516-8116-DABFD1727EE3}.Debug|Any CPU.Build.0 = Debug|iPhoneSimulator
		{33BA61FE-5882-4516-8116-DABFD1727EE3}.Debug|Any CPU.Deploy.0 = Debug|iPhoneSimulator
		{33BA61FE-5882-4516-8116-DABFD1727EE3}.Debug|ARM.ActiveCfg = Debug|iPhone
		{33BA61FE-5882-4516-8116-DABFD1727EE3}.Debug|ARM.Build.0 = Debug|iPhone
		{33BA61FE-5882-4516-8116-DABFD1727EE3}.Debug|ARM.Deploy.0 = Debug|iPhone
		{33BA61FE-5882-4516-8116-DABFD1727EE3}.Debug|iPhone.ActiveCfg = Debug|iPhone
		{33BA61FE-5882-4516-8116-DABFD1727EE3}.Debug|iPhone.Build.0 = Debug|iPhone
		{33BA61FE-5882-4516-8116-DABFD1727EE3}.Debug|iPhone.Deploy.0 = Debug|iPhone
		{33BA61FE-5882-4516-8116-DABFD1727EE3}.Debug|iPhoneSimulator.ActiveCfg = Debug|iPhoneSimulator
		{33BA61FE-5882-4516-8116-DABFD1727EE3}.Debug|iPhoneSimulator.Build.0 = Debug|iPhoneSimulator
		{33BA61FE-5882-4516-8116-DABFD1727EE3}.Debug|iPhoneSimulator.Deploy.0 = Debug|iPhoneSimulator
		{33BA61FE-5882-4516-8116-DABFD1727EE3}.Debug|x64.ActiveCfg = Debug|iPhoneSimulator
		{33BA61FE-5882-4516-8116-DABFD1727EE3}.Debug|x64.Build.0 = Debug|iPhoneSimulator
		{33BA61FE-5882-4516-8116-DABFD1727EE3}.Debug|x64.Deploy.0 = Debug|iPhoneSimulator
		{33BA61FE-5882-4516-8116-DABFD1727EE3}.Debug|x86.ActiveCfg = Debug|iPhoneSimulator
		{33BA61FE-5882-4516-8116-DABFD1727EE3}.Debug|x86.Build.0 = Debug|iPhoneSimulator
		{33BA61FE-5882-4516-8116-DABFD1727EE3}.Debug|x86.Deploy.0 = Debug|iPhoneSimulator
		{33BA61FE-5882-4516-8116-DABFD1727EE3}.Release|Any CPU.ActiveCfg = Release|iPhoneSimulator
		{33BA61FE-5882-4516-8116-DABFD1727EE3}.Release|Any CPU.Build.0 = Release|iPhoneSimulator
		{33BA61FE-5882-4516-8116-DABFD1727EE3}.Release|Any CPU.Deploy.0 = Release|iPhoneSimulator
		{33BA61FE-5882-4516-8116-DABFD1727EE3}.Release|ARM.ActiveCfg = Release|iPhoneSimulator
		{33BA61FE-5882-4516-8116-DABFD1727EE3}.Release|ARM.Build.0 = Release|iPhoneSimulator
		{33BA61FE-5882-4516-8116-DABFD1727EE3}.Release|ARM.Deploy.0 = Release|iPhoneSimulator
		{33BA61FE-5882-4516-8116-DABFD1727EE3}.Release|iPhone.ActiveCfg = Release|iPhone
		{33BA61FE-5882-4516-8116-DABFD1727EE3}.Release|iPhone.Build.0 = Release|iPhone
		{33BA61FE-5882-4516-8116-DABFD1727EE3}.Release|iPhone.Deploy.0 = Release|iPhone
		{33BA61FE-5882-4516-8116-DABFD1727EE3}.Release|iPhoneSimulator.ActiveCfg = Release|iPhoneSimulator
		{33BA61FE-5882-4516-8116-DABFD1727EE3}.Release|iPhoneSimulator.Build.0 = Release|iPhoneSimulator
		{33BA61FE-5882-4516-8116-DABFD1727EE3}.Release|iPhoneSimulator.Deploy.0 = Release|iPhoneSimulator
		{33BA61FE-5882-4516-8116-DABFD1727EE3}.Release|x64.ActiveCfg = Release|iPhoneSimulator
		{33BA61FE-5882-4516-8116-DABFD1727EE3}.Release|x64.Build.0 = Release|iPhoneSimulator
		{33BA61FE-5882-4516-8116-DABFD1727EE3}.Release|x64.Deploy.0 = Release|iPhoneSimulator
		{33BA61FE-5882-4516-8116-DABFD1727EE3}.Release|x86.ActiveCfg = Release|iPhoneSimulator
		{33BA61FE-5882-4516-8116-DABFD1727EE3}.Release|x86.Build.0 = Release|iPhoneSimulator
		{33BA61FE-5882-4516-8116-DABFD1727EE3}.Release|x86.Deploy.0 = Release|iPhoneSimulator
		{C4B30B85-C997-4180-8E34-58C9383421EC}.Debug|Any CPU.ActiveCfg = Debug|Any CPU
		{C4B30B85-C997-4180-8E34-58C9383421EC}.Debug|Any CPU.Build.0 = Debug|Any CPU
		{C4B30B85-C997-4180-8E34-58C9383421EC}.Debug|Any CPU.Deploy.0 = Debug|Any CPU
		{C4B30B85-C997-4180-8E34-58C9383421EC}.Debug|ARM.ActiveCfg = Debug|Any CPU
		{C4B30B85-C997-4180-8E34-58C9383421EC}.Debug|ARM.Build.0 = Debug|Any CPU
		{C4B30B85-C997-4180-8E34-58C9383421EC}.Debug|ARM.Deploy.0 = Debug|Any CPU
		{C4B30B85-C997-4180-8E34-58C9383421EC}.Debug|iPhone.ActiveCfg = Debug|Any CPU
		{C4B30B85-C997-4180-8E34-58C9383421EC}.Debug|iPhone.Build.0 = Debug|Any CPU
		{C4B30B85-C997-4180-8E34-58C9383421EC}.Debug|iPhone.Deploy.0 = Debug|Any CPU
		{C4B30B85-C997-4180-8E34-58C9383421EC}.Debug|iPhoneSimulator.ActiveCfg = Debug|Any CPU
		{C4B30B85-C997-4180-8E34-58C9383421EC}.Debug|iPhoneSimulator.Build.0 = Debug|Any CPU
		{C4B30B85-C997-4180-8E34-58C9383421EC}.Debug|iPhoneSimulator.Deploy.0 = Debug|Any CPU
		{C4B30B85-C997-4180-8E34-58C9383421EC}.Debug|x64.ActiveCfg = Debug|Any CPU
		{C4B30B85-C997-4180-8E34-58C9383421EC}.Debug|x64.Build.0 = Debug|Any CPU
		{C4B30B85-C997-4180-8E34-58C9383421EC}.Debug|x64.Deploy.0 = Debug|Any CPU
		{C4B30B85-C997-4180-8E34-58C9383421EC}.Debug|x86.ActiveCfg = Debug|Any CPU
		{C4B30B85-C997-4180-8E34-58C9383421EC}.Debug|x86.Build.0 = Debug|Any CPU
		{C4B30B85-C997-4180-8E34-58C9383421EC}.Debug|x86.Deploy.0 = Debug|Any CPU
		{C4B30B85-C997-4180-8E34-58C9383421EC}.Release|Any CPU.ActiveCfg = Release|Any CPU
		{C4B30B85-C997-4180-8E34-58C9383421EC}.Release|Any CPU.Build.0 = Release|Any CPU
		{C4B30B85-C997-4180-8E34-58C9383421EC}.Release|Any CPU.Deploy.0 = Release|Any CPU
		{C4B30B85-C997-4180-8E34-58C9383421EC}.Release|ARM.ActiveCfg = Release|Any CPU
		{C4B30B85-C997-4180-8E34-58C9383421EC}.Release|ARM.Build.0 = Release|Any CPU
		{C4B30B85-C997-4180-8E34-58C9383421EC}.Release|ARM.Deploy.0 = Release|Any CPU
		{C4B30B85-C997-4180-8E34-58C9383421EC}.Release|iPhone.ActiveCfg = Release|Any CPU
		{C4B30B85-C997-4180-8E34-58C9383421EC}.Release|iPhone.Build.0 = Release|Any CPU
		{C4B30B85-C997-4180-8E34-58C9383421EC}.Release|iPhone.Deploy.0 = Release|Any CPU
		{C4B30B85-C997-4180-8E34-58C9383421EC}.Release|iPhoneSimulator.ActiveCfg = Release|Any CPU
		{C4B30B85-C997-4180-8E34-58C9383421EC}.Release|iPhoneSimulator.Build.0 = Release|Any CPU
		{C4B30B85-C997-4180-8E34-58C9383421EC}.Release|iPhoneSimulator.Deploy.0 = Release|Any CPU
		{C4B30B85-C997-4180-8E34-58C9383421EC}.Release|x64.ActiveCfg = Release|Any CPU
		{C4B30B85-C997-4180-8E34-58C9383421EC}.Release|x64.Build.0 = Release|Any CPU
		{C4B30B85-C997-4180-8E34-58C9383421EC}.Release|x64.Deploy.0 = Release|Any CPU
		{C4B30B85-C997-4180-8E34-58C9383421EC}.Release|x86.ActiveCfg = Release|Any CPU
		{C4B30B85-C997-4180-8E34-58C9383421EC}.Release|x86.Build.0 = Release|Any CPU
		{C4B30B85-C997-4180-8E34-58C9383421EC}.Release|x86.Deploy.0 = Release|Any CPU
	EndGlobalSection
	GlobalSection(SolutionProperties) = preSolution
		HideSolutionNode = FALSE
	EndGlobalSection
	GlobalSection(ExtensibilityGlobals) = postSolution
		SolutionGuid = {7ABD486C-B55A-4E40-A157-54253E08334C}
	EndGlobalSection
EndGlobal
