
Microsoft Visual Studio Solution File, Format Version 12.00
# Visual Studio Version 16
VisualStudioVersion = 16.0.32510.428
MinimumVisualStudioVersion = 10.0.40219.1
Project("{FAE04EC0-301F-11D3-BF4B-00C04F79EFBC}") = "App02_TipoPaginaXF.UWP", "App02_TipoPaginaXF\App02_TipoPaginaXF.UWP\App02_TipoPaginaXF.UWP.csproj", "{20E129A2-84BD-4343-9EB7-5B70BCC1F0C3}"
EndProject
Project("{FAE04EC0-301F-11D3-BF4B-00C04F79EFBC}") = "App02_TipoPaginaXF.Android", "App02_TipoPaginaXF\App02_TipoPaginaXF.Android\App02_TipoPaginaXF.Android.csproj", "{A7BD0107-A622-4796-A23F-B3CC1E1DACC5}"
EndProject
Project("{FAE04EC0-301F-11D3-BF4B-00C04F79EFBC}") = "App02_TipoPaginaXF.iOS", "App02_TipoPaginaXF\App02_TipoPaginaXF.iOS\App02_TipoPaginaXF.iOS.csproj", "{33ADDE3B-0B22-41D8-8F3E-6AAB5EE0970D}"
EndProject
Project("{FAE04EC0-301F-11D3-BF4B-00C04F79EFBC}") = "App02_TipoPaginaXF", "App02_TipoPaginaXF\App02_TipoPaginaXF\App02_TipoPaginaXF.csproj", "{3FC83DB1-767B-4F64-A225-8838FCC60D7E}"
EndProject
Global
	GlobalSection(SolutionConfigurationPlatforms) = preSolution
		Debug|Any CPU = Debug|Any CPU
		Debug|ARM = Debug|ARM
		Debug|iPhone = Debug|iPhone
		Debug|iPhoneSimulator = Debug|iPhoneSimulator
		Debug|x64 = Debug|x64
		Debug|x86 = Debug|x86
		Release|Any CPU = Release|Any CPU
		Release|ARM = Release|ARM
		Release|iPhone = Release|iPhone
		Release|iPhoneSimulator = Release|iPhoneSimulator
		Release|x64 = Release|x64
		Release|x86 = Release|x86
	EndGlobalSection
	GlobalSection(ProjectConfigurationPlatforms) = postSolution
		{20E129A2-84BD-4343-9EB7-5B70BCC1F0C3}.Debug|Any CPU.ActiveCfg = Debug|x86
		{20E129A2-84BD-4343-9EB7-5B70BCC1F0C3}.Debug|Any CPU.Build.0 = Debug|x86
		{20E129A2-84BD-4343-9EB7-5B70BCC1F0C3}.Debug|Any CPU.Deploy.0 = Debug|x86
		{20E129A2-84BD-4343-9EB7-5B70BCC1F0C3}.Debug|ARM.ActiveCfg = Debug|ARM
		{20E129A2-84BD-4343-9EB7-5B70BCC1F0C3}.Debug|ARM.Build.0 = Debug|ARM
		{20E129A2-84BD-4343-9EB7-5B70BCC1F0C3}.Debug|ARM.Deploy.0 = Debug|ARM
		{20E129A2-84BD-4343-9EB7-5B70BCC1F0C3}.Debug|iPhone.ActiveCfg = Debug|x86
		{20E129A2-84BD-4343-9EB7-5B70BCC1F0C3}.Debug|iPhone.Build.0 = Debug|x86
		{20E129A2-84BD-4343-9EB7-5B70BCC1F0C3}.Debug|iPhone.Deploy.0 = Debug|x86
		{20E129A2-84BD-4343-9EB7-5B70BCC1F0C3}.Debug|iPhoneSimulator.ActiveCfg = Debug|x86
		{20E129A2-84BD-4343-9EB7-5B70BCC1F0C3}.Debug|iPhoneSimulator.Build.0 = Debug|x86
		{20E129A2-84BD-4343-9EB7-5B70BCC1F0C3}.Debug|iPhoneSimulator.Deploy.0 = Debug|x86
		{20E129A2-84BD-4343-9EB7-5B70BCC1F0C3}.Debug|x64.ActiveCfg = Debug|x64
		{20E129A2-84BD-4343-9EB7-5B70BCC1F0C3}.Debug|x64.Build.0 = Debug|x64
		{20E129A2-84BD-4343-9EB7-5B70BCC1F0C3}.Debug|x64.Deploy.0 = Debug|x64
		{20E129A2-84BD-4343-9EB7-5B70BCC1F0C3}.Debug|x86.ActiveCfg = Debug|x86
		{20E129A2-84BD-4343-9EB7-5B70BCC1F0C3}.Debug|x86.Build.0 = Debug|x86
		{20E129A2-84BD-4343-9EB7-5B70BCC1F0C3}.Debug|x86.Deploy.0 = Debug|x86
		{20E129A2-84BD-4343-9EB7-5B70BCC1F0C3}.Release|Any CPU.ActiveCfg = Release|x86
		{20E129A2-84BD-4343-9EB7-5B70BCC1F0C3}.Release|Any CPU.Build.0 = Release|x86
		{20E129A2-84BD-4343-9EB7-5B70BCC1F0C3}.Release|Any CPU.Deploy.0 = Release|x86
		{20E129A2-84BD-4343-9EB7-5B70BCC1F0C3}.Release|ARM.ActiveCfg = Release|ARM
		{20E129A2-84BD-4343-9EB7-5B70BCC1F0C3}.Release|ARM.Build.0 = Release|ARM
		{20E129A2-84BD-4343-9EB7-5B70BCC1F0C3}.Release|ARM.Deploy.0 = Release|ARM
		{20E129A2-84BD-4343-9EB7-5B70BCC1F0C3}.Release|iPhone.ActiveCfg = Release|x86
		{20E129A2-84BD-4343-9EB7-5B70BCC1F0C3}.Release|iPhone.Build.0 = Release|x86
		{20E129A2-84BD-4343-9EB7-5B70BCC1F0C3}.Release|iPhone.Deploy.0 = Release|x86
		{20E129A2-84BD-4343-9EB7-5B70BCC1F0C3}.Release|iPhoneSimulator.ActiveCfg = Release|x86
		{20E129A2-84BD-4343-9EB7-5B70BCC1F0C3}.Release|iPhoneSimulator.Build.0 = Release|x86
		{20E129A2-84BD-4343-9EB7-5B70BCC1F0C3}.Release|iPhoneSimulator.Deploy.0 = Release|x86
		{20E129A2-84BD-4343-9EB7-5B70BCC1F0C3}.Release|x64.ActiveCfg = Release|x64
		{20E129A2-84BD-4343-9EB7-5B70BCC1F0C3}.Release|x64.Build.0 = Release|x64
		{20E129A2-84BD-4343-9EB7-5B70BCC1F0C3}.Release|x64.Deploy.0 = Release|x64
		{20E129A2-84BD-4343-9EB7-5B70BCC1F0C3}.Release|x86.ActiveCfg = Release|x86
		{20E129A2-84BD-4343-9EB7-5B70BCC1F0C3}.Release|x86.Build.0 = Release|x86
		{20E129A2-84BD-4343-9EB7-5B70BCC1F0C3}.Release|x86.Deploy.0 = Release|x86
		{A7BD0107-A622-4796-A23F-B3CC1E1DACC5}.Debug|Any CPU.ActiveCfg = Debug|Any CPU
		{A7BD0107-A622-4796-A23F-B3CC1E1DACC5}.Debug|Any CPU.Build.0 = Debug|Any CPU
		{A7BD0107-A622-4796-A23F-B3CC1E1DACC5}.Debug|Any CPU.Deploy.0 = Debug|Any CPU
		{A7BD0107-A622-4796-A23F-B3CC1E1DACC5}.Debug|ARM.ActiveCfg = Debug|Any CPU
		{A7BD0107-A622-4796-A23F-B3CC1E1DACC5}.Debug|ARM.Build.0 = Debug|Any CPU
		{A7BD0107-A622-4796-A23F-B3CC1E1DACC5}.Debug|ARM.Deploy.0 = Debug|Any CPU
		{A7BD0107-A622-4796-A23F-B3CC1E1DACC5}.Debug|iPhone.ActiveCfg = Debug|Any CPU
		{A7BD0107-A622-4796-A23F-B3CC1E1DACC5}.Debug|iPhone.Build.0 = Debug|Any CPU
		{A7BD0107-A622-4796-A23F-B3CC1E1DACC5}.Debug|iPhone.Deploy.0 = Debug|Any CPU
		{A7BD0107-A622-4796-A23F-B3CC1E1DACC5}.Debug|iPhoneSimulator.ActiveCfg = Debug|Any CPU
		{A7BD0107-A622-4796-A23F-B3CC1E1DACC5}.Debug|iPhoneSimulator.Build.0 = Debug|Any CPU
		{A7BD0107-A622-4796-A23F-B3CC1E1DACC5}.Debug|iPhoneSimulator.Deploy.0 = Debug|Any CPU
		{A7BD0107-A622-4796-A23F-B3CC1E1DACC5}.Debug|x64.ActiveCfg = Debug|Any CPU
		{A7BD0107-A622-4796-A23F-B3CC1E1DACC5}.Debug|x64.Build.0 = Debug|Any CPU
		{A7BD0107-A622-4796-A23F-B3CC1E1DACC5}.Debug|x64.Deploy.0 = Debug|Any CPU
		{A7BD0107-A622-4796-A23F-B3CC1E1DACC5}.Debug|x86.ActiveCfg = Debug|Any CPU
		{A7BD0107-A622-4796-A23F-B3CC1E1DACC5}.Debug|x86.Build.0 = Debug|Any CPU
		{A7BD0107-A622-4796-A23F-B3CC1E1DACC5}.Debug|x86.Deploy.0 = Debug|Any CPU
		{A7BD0107-A622-4796-A23F-B3CC1E1DACC5}.Release|Any CPU.ActiveCfg = Release|Any CPU
		{A7BD0107-A622-4796-A23F-B3CC1E1DACC5}.Release|Any CPU.Build.0 = Release|Any CPU
		{A7BD0107-A622-4796-A23F-B3CC1E1DACC5}.Release|Any CPU.Deploy.0 = Release|Any CPU
		{A7BD0107-A622-4796-A23F-B3CC1E1DACC5}.Release|ARM.ActiveCfg = Release|Any CPU
		{A7BD0107-A622-4796-A23F-B3CC1E1DACC5}.Release|ARM.Build.0 = Release|Any CPU
		{A7BD0107-A622-4796-A23F-B3CC1E1DACC5}.Release|ARM.Deploy.0 = Release|Any CPU
		{A7BD0107-A622-4796-A23F-B3CC1E1DACC5}.Release|iPhone.ActiveCfg = Release|Any CPU
		{A7BD0107-A622-4796-A23F-B3CC1E1DACC5}.Release|iPhone.Build.0 = Release|Any CPU
		{A7BD0107-A622-4796-A23F-B3CC1E1DACC5}.Release|iPhone.Deploy.0 = Release|Any CPU
		{A7BD0107-A622-4796-A23F-B3CC1E1DACC5}.Release|iPhoneSimulator.ActiveCfg = Release|Any CPU
		{A7BD0107-A622-4796-A23F-B3CC1E1DACC5}.Release|iPhoneSimulator.Build.0 = Release|Any CPU
		{A7BD0107-A622-4796-A23F-B3CC1E1DACC5}.Release|iPhoneSimulator.Deploy.0 = Release|Any CPU
		{A7BD0107-A622-4796-A23F-B3CC1E1DACC5}.Release|x64.ActiveCfg = Release|Any CPU
		{A7BD0107-A622-4796-A23F-B3CC1E1DACC5}.Release|x64.Build.0 = Release|Any CPU
		{A7BD0107-A622-4796-A23F-B3CC1E1DACC5}.Release|x64.Deploy.0 = Release|Any CPU
		{A7BD0107-A622-4796-A23F-B3CC1E1DACC5}.Release|x86.ActiveCfg = Release|Any CPU
		{A7BD0107-A622-4796-A23F-B3CC1E1DACC5}.Release|x86.Build.0 = Release|Any CPU
		{A7BD0107-A622-4796-A23F-B3CC1E1DACC5}.Release|x86.Deploy.0 = Release|Any CPU
		{33ADDE3B-0B22-41D8-8F3E-6AAB5EE0970D}.Debug|Any CPU.ActiveCfg = Debug|iPhoneSimulator
		{33ADDE3B-0B22-41D8-8F3E-6AAB5EE0970D}.Debug|Any CPU.Build.0 = Debug|iPhoneSimulator
		{33ADDE3B-0B22-41D8-8F3E-6AAB5EE0970D}.Debug|Any CPU.Deploy.0 = Debug|iPhoneSimulator
		{33ADDE3B-0B22-41D8-8F3E-6AAB5EE0970D}.Debug|ARM.ActiveCfg = Debug|iPhone
		{33ADDE3B-0B22-41D8-8F3E-6AAB5EE0970D}.Debug|ARM.Build.0 = Debug|iPhone
		{33ADDE3B-0B22-41D8-8F3E-6AAB5EE0970D}.Debug|ARM.Deploy.0 = Debug|iPhone
		{33ADDE3B-0B22-41D8-8F3E-6AAB5EE0970D}.Debug|iPhone.ActiveCfg = Debug|iPhone
		{33ADDE3B-0B22-41D8-8F3E-6AAB5EE0970D}.Debug|iPhone.Build.0 = Debug|iPhone
		{33ADDE3B-0B22-41D8-8F3E-6AAB5EE0970D}.Debug|iPhone.Deploy.0 = Debug|iPhone
		{33ADDE3B-0B22-41D8-8F3E-6AAB5EE0970D}.Debug|iPhoneSimulator.ActiveCfg = Debug|iPhoneSimulator
		{33ADDE3B-0B22-41D8-8F3E-6AAB5EE0970D}.Debug|iPhoneSimulator.Build.0 = Debug|iPhoneSimulator
		{33ADDE3B-0B22-41D8-8F3E-6AAB5EE0970D}.Debug|iPhoneSimulator.Deploy.0 = Debug|iPhoneSimulator
		{33ADDE3B-0B22-41D8-8F3E-6AAB5EE0970D}.Debug|x64.ActiveCfg = Debug|iPhoneSimulator
		{33ADDE3B-0B22-41D8-8F3E-6AAB5EE0970D}.Debug|x64.Build.0 = Debug|iPhoneSimulator
		{33ADDE3B-0B22-41D8-8F3E-6AAB5EE0970D}.Debug|x64.Deploy.0 = Debug|iPhoneSimulator
		{33ADDE3B-0B22-41D8-8F3E-6AAB5EE0970D}.Debug|x86.ActiveCfg = Debug|iPhoneSimulator
		{33ADDE3B-0B22-41D8-8F3E-6AAB5EE0970D}.Debug|x86.Build.0 = Debug|iPhoneSimulator
		{33ADDE3B-0B22-41D8-8F3E-6AAB5EE0970D}.Debug|x86.Deploy.0 = Debug|iPhoneSimulator
		{33ADDE3B-0B22-41D8-8F3E-6AAB5EE0970D}.Release|Any CPU.ActiveCfg = Release|iPhoneSimulator
		{33ADDE3B-0B22-41D8-8F3E-6AAB5EE0970D}.Release|Any CPU.Build.0 = Release|iPhoneSimulator
		{33ADDE3B-0B22-41D8-8F3E-6AAB5EE0970D}.Release|Any CPU.Deploy.0 = Release|iPhoneSimulator
		{33ADDE3B-0B22-41D8-8F3E-6AAB5EE0970D}.Release|ARM.ActiveCfg = Release|iPhoneSimulator
		{33ADDE3B-0B22-41D8-8F3E-6AAB5EE0970D}.Release|ARM.Build.0 = Release|iPhoneSimulator
		{33ADDE3B-0B22-41D8-8F3E-6AAB5EE0970D}.Release|ARM.Deploy.0 = Release|iPhoneSimulator
		{33ADDE3B-0B22-41D8-8F3E-6AAB5EE0970D}.Release|iPhone.ActiveCfg = Release|iPhone
		{33ADDE3B-0B22-41D8-8F3E-6AAB5EE0970D}.Release|iPhone.Build.0 = Release|iPhone
		{33ADDE3B-0B22-41D8-8F3E-6AAB5EE0970D}.Release|iPhone.Deploy.0 = Release|iPhone
		{33ADDE3B-0B22-41D8-8F3E-6AAB5EE0970D}.Release|iPhoneSimulator.ActiveCfg = Release|iPhoneSimulator
		{33ADDE3B-0B22-41D8-8F3E-6AAB5EE0970D}.Release|iPhoneSimulator.Build.0 = Release|iPhoneSimulator
		{33ADDE3B-0B22-41D8-8F3E-6AAB5EE0970D}.Release|iPhoneSimulator.Deploy.0 = Release|iPhoneSimulator
		{33ADDE3B-0B22-41D8-8F3E-6AAB5EE0970D}.Release|x64.ActiveCfg = Release|iPhoneSimulator
		{33ADDE3B-0B22-41D8-8F3E-6AAB5EE0970D}.Release|x64.Build.0 = Release|iPhoneSimulator
		{33ADDE3B-0B22-41D8-8F3E-6AAB5EE0970D}.Release|x64.Deploy.0 = Release|iPhoneSimulator
		{33ADDE3B-0B22-41D8-8F3E-6AAB5EE0970D}.Release|x86.ActiveCfg = Release|iPhoneSimulator
		{33ADDE3B-0B22-41D8-8F3E-6AAB5EE0970D}.Release|x86.Build.0 = Release|iPhoneSimulator
		{33ADDE3B-0B22-41D8-8F3E-6AAB5EE0970D}.Release|x86.Deploy.0 = Release|iPhoneSimulator
		{3FC83DB1-767B-4F64-A225-8838FCC60D7E}.Debug|Any CPU.ActiveCfg = Debug|Any CPU
		{3FC83DB1-767B-4F64-A225-8838FCC60D7E}.Debug|Any CPU.Build.0 = Debug|Any CPU
		{3FC83DB1-767B-4F64-A225-8838FCC60D7E}.Debug|Any CPU.Deploy.0 = Debug|Any CPU
		{3FC83DB1-767B-4F64-A225-8838FCC60D7E}.Debug|ARM.ActiveCfg = Debug|Any CPU
		{3FC83DB1-767B-4F64-A225-8838FCC60D7E}.Debug|ARM.Build.0 = Debug|Any CPU
		{3FC83DB1-767B-4F64-A225-8838FCC60D7E}.Debug|ARM.Deploy.0 = Debug|Any CPU
		{3FC83DB1-767B-4F64-A225-8838FCC60D7E}.Debug|iPhone.ActiveCfg = Debug|Any CPU
		{3FC83DB1-767B-4F64-A225-8838FCC60D7E}.Debug|iPhone.Build.0 = Debug|Any CPU
		{3FC83DB1-767B-4F64-A225-8838FCC60D7E}.Debug|iPhone.Deploy.0 = Debug|Any CPU
		{3FC83DB1-767B-4F64-A225-8838FCC60D7E}.Debug|iPhoneSimulator.ActiveCfg = Debug|Any CPU
		{3FC83DB1-767B-4F64-A225-8838FCC60D7E}.Debug|iPhoneSimulator.Build.0 = Debug|Any CPU
		{3FC83DB1-767B-4F64-A225-8838FCC60D7E}.Debug|iPhoneSimulator.Deploy.0 = Debug|Any CPU
		{3FC83DB1-767B-4F64-A225-8838FCC60D7E}.Debug|x64.ActiveCfg = Debug|Any CPU
		{3FC83DB1-767B-4F64-A225-8838FCC60D7E}.Debug|x64.Build.0 = Debug|Any CPU
		{3FC83DB1-767B-4F64-A225-8838FCC60D7E}.Debug|x64.Deploy.0 = Debug|Any CPU
		{3FC83DB1-767B-4F64-A225-8838FCC60D7E}.Debug|x86.ActiveCfg = Debug|Any CPU
		{3FC83DB1-767B-4F64-A225-8838FCC60D7E}.Debug|x86.Build.0 = Debug|Any CPU
		{3FC83DB1-767B-4F64-A225-8838FCC60D7E}.Debug|x86.Deploy.0 = Debug|Any CPU
		{3FC83DB1-767B-4F64-A225-8838FCC60D7E}.Release|Any CPU.ActiveCfg = Release|Any CPU
		{3FC83DB1-767B-4F64-A225-8838FCC60D7E}.Release|Any CPU.Build.0 = Release|Any CPU
		{3FC83DB1-767B-4F64-A225-8838FCC60D7E}.Release|Any CPU.Deploy.0 = Release|Any CPU
		{3FC83DB1-767B-4F64-A225-8838FCC60D7E}.Release|ARM.ActiveCfg = Release|Any CPU
		{3FC83DB1-767B-4F64-A225-8838FCC60D7E}.Release|ARM.Build.0 = Release|Any CPU
		{3FC83DB1-767B-4F64-A225-8838FCC60D7E}.Release|ARM.Deploy.0 = Release|Any CPU
		{3FC83DB1-767B-4F64-A225-8838FCC60D7E}.Release|iPhone.ActiveCfg = Release|Any CPU
		{3FC83DB1-767B-4F64-A225-8838FCC60D7E}.Release|iPhone.Build.0 = Release|Any CPU
		{3FC83DB1-767B-4F64-A225-8838FCC60D7E}.Release|iPhone.Deploy.0 = Release|Any CPU
		{3FC83DB1-767B-4F64-A225-8838FCC60D7E}.Release|iPhoneSimulator.ActiveCfg = Release|Any CPU
		{3FC83DB1-767B-4F64-A225-8838FCC60D7E}.Release|iPhoneSimulator.Build.0 = Release|Any CPU
		{3FC83DB1-767B-4F64-A225-8838FCC60D7E}.Release|iPhoneSimulator.Deploy.0 = Release|Any CPU
		{3FC83DB1-767B-4F64-A225-8838FCC60D7E}.Release|x64.ActiveCfg = Release|Any CPU
		{3FC83DB1-767B-4F64-A225-8838FCC60D7E}.Release|x64.Build.0 = Release|Any CPU
		{3FC83DB1-767B-4F64-A225-8838FCC60D7E}.Release|x64.Deploy.0 = Release|Any CPU
		{3FC83DB1-767B-4F64-A225-8838FCC60D7E}.Release|x86.ActiveCfg = Release|Any CPU
		{3FC83DB1-767B-4F64-A225-8838FCC60D7E}.Release|x86.Build.0 = Release|Any CPU
		{3FC83DB1-767B-4F64-A225-8838FCC60D7E}.Release|x86.Deploy.0 = Release|Any CPU
	EndGlobalSection
	GlobalSection(SolutionProperties) = preSolution
		HideSolutionNode = FALSE
	EndGlobalSection
	GlobalSection(ExtensibilityGlobals) = postSolution
		SolutionGuid = {D7AF55B1-2E14-462F-9DEB-D5FBB2D64DB5}
	EndGlobalSection
EndGlobal
