
Microsoft Visual Studio Solution File, Format Version 12.00
# Visual Studio Version 16
VisualStudioVersion = 16.0.32602.291
MinimumVisualStudioVersion = 10.0.40219.1
Project("{FAE04EC0-301F-11D3-BF4B-00C04F79EFBC}") = "App01_ControleXF.UWP", "App01_ControleXF\App01_ControleXF.UWP\App01_ControleXF.UWP.csproj", "{A6DBCD64-19D9-43BB-8B34-600F0962230F}"
EndProject
Project("{FAE04EC0-301F-11D3-BF4B-00C04F79EFBC}") = "App01_ControleXF.Android", "App01_ControleXF\App01_ControleXF.Android\App01_ControleXF.Android.csproj", "{0535BAEE-91A8-43BA-B838-C4BA49730A45}"
EndProject
Project("{FAE04EC0-301F-11D3-BF4B-00C04F79EFBC}") = "App01_ControleXF.iOS", "App01_ControleXF\App01_ControleXF.iOS\App01_ControleXF.iOS.csproj", "{CAEA8274-E3E5-4888-84D0-CAC2CC7D8FA2}"
EndProject
Project("{FAE04EC0-301F-11D3-BF4B-00C04F79EFBC}") = "App01_ControleXF", "App01_ControleXF\App01_ControleXF\App01_ControleXF.csproj", "{DE50A02F-351C-4087-AC16-3ED07B1AD8A6}"
EndProject
Global
	GlobalSection(SolutionConfigurationPlatforms) = preSolution
		Debug|Any CPU = Debug|Any CPU
		Debug|ARM = Debug|ARM
		Debug|iPhone = Debug|iPhone
		Debug|iPhoneSimulator = Debug|iPhoneSimulator
		Debug|x64 = Debug|x64
		Debug|x86 = Debug|x86
		Release|Any CPU = Release|Any CPU
		Release|ARM = Release|ARM
		Release|iPhone = Release|iPhone
		Release|iPhoneSimulator = Release|iPhoneSimulator
		Release|x64 = Release|x64
		Release|x86 = Release|x86
	EndGlobalSection
	GlobalSection(ProjectConfigurationPlatforms) = postSolution
		{A6DBCD64-19D9-43BB-8B34-600F0962230F}.Debug|Any CPU.ActiveCfg = Debug|x86
		{A6DBCD64-19D9-43BB-8B34-600F0962230F}.Debug|Any CPU.Build.0 = Debug|x86
		{A6DBCD64-19D9-43BB-8B34-600F0962230F}.Debug|Any CPU.Deploy.0 = Debug|x86
		{A6DBCD64-19D9-43BB-8B34-600F0962230F}.Debug|ARM.ActiveCfg = Debug|ARM
		{A6DBCD64-19D9-43BB-8B34-600F0962230F}.Debug|ARM.Build.0 = Debug|ARM
		{A6DBCD64-19D9-43BB-8B34-600F0962230F}.Debug|ARM.Deploy.0 = Debug|ARM
		{A6DBCD64-19D9-43BB-8B34-600F0962230F}.Debug|iPhone.ActiveCfg = Debug|x86
		{A6DBCD64-19D9-43BB-8B34-600F0962230F}.Debug|iPhone.Build.0 = Debug|x86
		{A6DBCD64-19D9-43BB-8B34-600F0962230F}.Debug|iPhone.Deploy.0 = Debug|x86
		{A6DBCD64-19D9-43BB-8B34-600F0962230F}.Debug|iPhoneSimulator.ActiveCfg = Debug|x86
		{A6DBCD64-19D9-43BB-8B34-600F0962230F}.Debug|iPhoneSimulator.Build.0 = Debug|x86
		{A6DBCD64-19D9-43BB-8B34-600F0962230F}.Debug|iPhoneSimulator.Deploy.0 = Debug|x86
		{A6DBCD64-19D9-43BB-8B34-600F0962230F}.Debug|x64.ActiveCfg = Debug|x64
		{A6DBCD64-19D9-43BB-8B34-600F0962230F}.Debug|x64.Build.0 = Debug|x64
		{A6DBCD64-19D9-43BB-8B34-600F0962230F}.Debug|x64.Deploy.0 = Debug|x64
		{A6DBCD64-19D9-43BB-8B34-600F0962230F}.Debug|x86.ActiveCfg = Debug|x86
		{A6DBCD64-19D9-43BB-8B34-600F0962230F}.Debug|x86.Build.0 = Debug|x86
		{A6DBCD64-19D9-43BB-8B34-600F0962230F}.Debug|x86.Deploy.0 = Debug|x86
		{A6DBCD64-19D9-43BB-8B34-600F0962230F}.Release|Any CPU.ActiveCfg = Release|x86
		{A6DBCD64-19D9-43BB-8B34-600F0962230F}.Release|Any CPU.Build.0 = Release|x86
		{A6DBCD64-19D9-43BB-8B34-600F0962230F}.Release|Any CPU.Deploy.0 = Release|x86
		{A6DBCD64-19D9-43BB-8B34-600F0962230F}.Release|ARM.ActiveCfg = Release|ARM
		{A6DBCD64-19D9-43BB-8B34-600F0962230F}.Release|ARM.Build.0 = Release|ARM
		{A6DBCD64-19D9-43BB-8B34-600F0962230F}.Release|ARM.Deploy.0 = Release|ARM
		{A6DBCD64-19D9-43BB-8B34-600F0962230F}.Release|iPhone.ActiveCfg = Release|x86
		{A6DBCD64-19D9-43BB-8B34-600F0962230F}.Release|iPhone.Build.0 = Release|x86
		{A6DBCD64-19D9-43BB-8B34-600F0962230F}.Release|iPhone.Deploy.0 = Release|x86
		{A6DBCD64-19D9-43BB-8B34-600F0962230F}.Release|iPhoneSimulator.ActiveCfg = Release|x86
		{A6DBCD64-19D9-43BB-8B34-600F0962230F}.Release|iPhoneSimulator.Build.0 = Release|x86
		{A6DBCD64-19D9-43BB-8B34-600F0962230F}.Release|iPhoneSimulator.Deploy.0 = Release|x86
		{A6DBCD64-19D9-43BB-8B34-600F0962230F}.Release|x64.ActiveCfg = Release|x64
		{A6DBCD64-19D9-43BB-8B34-600F0962230F}.Release|x64.Build.0 = Release|x64
		{A6DBCD64-19D9-43BB-8B34-600F0962230F}.Release|x64.Deploy.0 = Release|x64
		{A6DBCD64-19D9-43BB-8B34-600F0962230F}.Release|x86.ActiveCfg = Release|x86
		{A6DBCD64-19D9-43BB-8B34-600F0962230F}.Release|x86.Build.0 = Release|x86
		{A6DBCD64-19D9-43BB-8B34-600F0962230F}.Release|x86.Deploy.0 = Release|x86
		{0535BAEE-91A8-43BA-B838-C4BA49730A45}.Debug|Any CPU.ActiveCfg = Debug|Any CPU
		{0535BAEE-91A8-43BA-B838-C4BA49730A45}.Debug|Any CPU.Build.0 = Debug|Any CPU
		{0535BAEE-91A8-43BA-B838-C4BA49730A45}.Debug|Any CPU.Deploy.0 = Debug|Any CPU
		{0535BAEE-91A8-43BA-B838-C4BA49730A45}.Debug|ARM.ActiveCfg = Debug|Any CPU
		{0535BAEE-91A8-43BA-B838-C4BA49730A45}.Debug|ARM.Build.0 = Debug|Any CPU
		{0535BAEE-91A8-43BA-B838-C4BA49730A45}.Debug|ARM.Deploy.0 = Debug|Any CPU
		{0535BAEE-91A8-43BA-B838-C4BA49730A45}.Debug|iPhone.ActiveCfg = Debug|Any CPU
		{0535BAEE-91A8-43BA-B838-C4BA49730A45}.Debug|iPhone.Build.0 = Debug|Any CPU
		{0535BAEE-91A8-43BA-B838-C4BA49730A45}.Debug|iPhone.Deploy.0 = Debug|Any CPU
		{0535BAEE-91A8-43BA-B838-C4BA49730A45}.Debug|iPhoneSimulator.ActiveCfg = Debug|Any CPU
		{0535BAEE-91A8-43BA-B838-C4BA49730A45}.Debug|iPhoneSimulator.Build.0 = Debug|Any CPU
		{0535BAEE-91A8-43BA-B838-C4BA49730A45}.Debug|iPhoneSimulator.Deploy.0 = Debug|Any CPU
		{0535BAEE-91A8-43BA-B838-C4BA49730A45}.Debug|x64.ActiveCfg = Debug|Any CPU
		{0535BAEE-91A8-43BA-B838-C4BA49730A45}.Debug|x64.Build.0 = Debug|Any CPU
		{0535BAEE-91A8-43BA-B838-C4BA49730A45}.Debug|x64.Deploy.0 = Debug|Any CPU
		{0535BAEE-91A8-43BA-B838-C4BA49730A45}.Debug|x86.ActiveCfg = Debug|Any CPU
		{0535BAEE-91A8-43BA-B838-C4BA49730A45}.Debug|x86.Build.0 = Debug|Any CPU
		{0535BAEE-91A8-43BA-B838-C4BA49730A45}.Debug|x86.Deploy.0 = Debug|Any CPU
		{0535BAEE-91A8-43BA-B838-C4BA49730A45}.Release|Any CPU.ActiveCfg = Release|Any CPU
		{0535BAEE-91A8-43BA-B838-C4BA49730A45}.Release|Any CPU.Build.0 = Release|Any CPU
		{0535BAEE-91A8-43BA-B838-C4BA49730A45}.Release|Any CPU.Deploy.0 = Release|Any CPU
		{0535BAEE-91A8-43BA-B838-C4BA49730A45}.Release|ARM.ActiveCfg = Release|Any CPU
		{0535BAEE-91A8-43BA-B838-C4BA49730A45}.Release|ARM.Build.0 = Release|Any CPU
		{0535BAEE-91A8-43BA-B838-C4BA49730A45}.Release|ARM.Deploy.0 = Release|Any CPU
		{0535BAEE-91A8-43BA-B838-C4BA49730A45}.Release|iPhone.ActiveCfg = Release|Any CPU
		{0535BAEE-91A8-43BA-B838-C4BA49730A45}.Release|iPhone.Build.0 = Release|Any CPU
		{0535BAEE-91A8-43BA-B838-C4BA49730A45}.Release|iPhone.Deploy.0 = Release|Any CPU
		{0535BAEE-91A8-43BA-B838-C4BA49730A45}.Release|iPhoneSimulator.ActiveCfg = Release|Any CPU
		{0535BAEE-91A8-43BA-B838-C4BA49730A45}.Release|iPhoneSimulator.Build.0 = Release|Any CPU
		{0535BAEE-91A8-43BA-B838-C4BA49730A45}.Release|iPhoneSimulator.Deploy.0 = Release|Any CPU
		{0535BAEE-91A8-43BA-B838-C4BA49730A45}.Release|x64.ActiveCfg = Release|Any CPU
		{0535BAEE-91A8-43BA-B838-C4BA49730A45}.Release|x64.Build.0 = Release|Any CPU
		{0535BAEE-91A8-43BA-B838-C4BA49730A45}.Release|x64.Deploy.0 = Release|Any CPU
		{0535BAEE-91A8-43BA-B838-C4BA49730A45}.Release|x86.ActiveCfg = Release|Any CPU
		{0535BAEE-91A8-43BA-B838-C4BA49730A45}.Release|x86.Build.0 = Release|Any CPU
		{0535BAEE-91A8-43BA-B838-C4BA49730A45}.Release|x86.Deploy.0 = Release|Any CPU
		{CAEA8274-E3E5-4888-84D0-CAC2CC7D8FA2}.Debug|Any CPU.ActiveCfg = Debug|iPhoneSimulator
		{CAEA8274-E3E5-4888-84D0-CAC2CC7D8FA2}.Debug|Any CPU.Build.0 = Debug|iPhoneSimulator
		{CAEA8274-E3E5-4888-84D0-CAC2CC7D8FA2}.Debug|Any CPU.Deploy.0 = Debug|iPhoneSimulator
		{CAEA8274-E3E5-4888-84D0-CAC2CC7D8FA2}.Debug|ARM.ActiveCfg = Debug|iPhone
		{CAEA8274-E3E5-4888-84D0-CAC2CC7D8FA2}.Debug|ARM.Build.0 = Debug|iPhone
		{CAEA8274-E3E5-4888-84D0-CAC2CC7D8FA2}.Debug|ARM.Deploy.0 = Debug|iPhone
		{CAEA8274-E3E5-4888-84D0-CAC2CC7D8FA2}.Debug|iPhone.ActiveCfg = Debug|iPhone
		{CAEA8274-E3E5-4888-84D0-CAC2CC7D8FA2}.Debug|iPhone.Build.0 = Debug|iPhone
		{CAEA8274-E3E5-4888-84D0-CAC2CC7D8FA2}.Debug|iPhone.Deploy.0 = Debug|iPhone
		{CAEA8274-E3E5-4888-84D0-CAC2CC7D8FA2}.Debug|iPhoneSimulator.ActiveCfg = Debug|iPhoneSimulator
		{CAEA8274-E3E5-4888-84D0-CAC2CC7D8FA2}.Debug|iPhoneSimulator.Build.0 = Debug|iPhoneSimulator
		{CAEA8274-E3E5-4888-84D0-CAC2CC7D8FA2}.Debug|iPhoneSimulator.Deploy.0 = Debug|iPhoneSimulator
		{CAEA8274-E3E5-4888-84D0-CAC2CC7D8FA2}.Debug|x64.ActiveCfg = Debug|iPhoneSimulator
		{CAEA8274-E3E5-4888-84D0-CAC2CC7D8FA2}.Debug|x64.Build.0 = Debug|iPhoneSimulator
		{CAEA8274-E3E5-4888-84D0-CAC2CC7D8FA2}.Debug|x64.Deploy.0 = Debug|iPhoneSimulator
		{CAEA8274-E3E5-4888-84D0-CAC2CC7D8FA2}.Debug|x86.ActiveCfg = Debug|iPhoneSimulator
		{CAEA8274-E3E5-4888-84D0-CAC2CC7D8FA2}.Debug|x86.Build.0 = Debug|iPhoneSimulator
		{CAEA8274-E3E5-4888-84D0-CAC2CC7D8FA2}.Debug|x86.Deploy.0 = Debug|iPhoneSimulator
		{CAEA8274-E3E5-4888-84D0-CAC2CC7D8FA2}.Release|Any CPU.ActiveCfg = Release|iPhoneSimulator
		{CAEA8274-E3E5-4888-84D0-CAC2CC7D8FA2}.Release|Any CPU.Build.0 = Release|iPhoneSimulator
		{CAEA8274-E3E5-4888-84D0-CAC2CC7D8FA2}.Release|Any CPU.Deploy.0 = Release|iPhoneSimulator
		{CAEA8274-E3E5-4888-84D0-CAC2CC7D8FA2}.Release|ARM.ActiveCfg = Release|iPhoneSimulator
		{CAEA8274-E3E5-4888-84D0-CAC2CC7D8FA2}.Release|ARM.Build.0 = Release|iPhoneSimulator
		{CAEA8274-E3E5-4888-84D0-CAC2CC7D8FA2}.Release|ARM.Deploy.0 = Release|iPhoneSimulator
		{CAEA8274-E3E5-4888-84D0-CAC2CC7D8FA2}.Release|iPhone.ActiveCfg = Release|iPhone
		{CAEA8274-E3E5-4888-84D0-CAC2CC7D8FA2}.Release|iPhone.Build.0 = Release|iPhone
		{CAEA8274-E3E5-4888-84D0-CAC2CC7D8FA2}.Release|iPhone.Deploy.0 = Release|iPhone
		{CAEA8274-E3E5-4888-84D0-CAC2CC7D8FA2}.Release|iPhoneSimulator.ActiveCfg = Release|iPhoneSimulator
		{CAEA8274-E3E5-4888-84D0-CAC2CC7D8FA2}.Release|iPhoneSimulator.Build.0 = Release|iPhoneSimulator
		{CAEA8274-E3E5-4888-84D0-CAC2CC7D8FA2}.Release|iPhoneSimulator.Deploy.0 = Release|iPhoneSimulator
		{CAEA8274-E3E5-4888-84D0-CAC2CC7D8FA2}.Release|x64.ActiveCfg = Release|iPhoneSimulator
		{CAEA8274-E3E5-4888-84D0-CAC2CC7D8FA2}.Release|x64.Build.0 = Release|iPhoneSimulator
		{CAEA8274-E3E5-4888-84D0-CAC2CC7D8FA2}.Release|x64.Deploy.0 = Release|iPhoneSimulator
		{CAEA8274-E3E5-4888-84D0-CAC2CC7D8FA2}.Release|x86.ActiveCfg = Release|iPhoneSimulator
		{CAEA8274-E3E5-4888-84D0-CAC2CC7D8FA2}.Release|x86.Build.0 = Release|iPhoneSimulator
		{CAEA8274-E3E5-4888-84D0-CAC2CC7D8FA2}.Release|x86.Deploy.0 = Release|iPhoneSimulator
		{DE50A02F-351C-4087-AC16-3ED07B1AD8A6}.Debug|Any CPU.ActiveCfg = Debug|Any CPU
		{DE50A02F-351C-4087-AC16-3ED07B1AD8A6}.Debug|Any CPU.Build.0 = Debug|Any CPU
		{DE50A02F-351C-4087-AC16-3ED07B1AD8A6}.Debug|Any CPU.Deploy.0 = Debug|Any CPU
		{DE50A02F-351C-4087-AC16-3ED07B1AD8A6}.Debug|ARM.ActiveCfg = Debug|Any CPU
		{DE50A02F-351C-4087-AC16-3ED07B1AD8A6}.Debug|ARM.Build.0 = Debug|Any CPU
		{DE50A02F-351C-4087-AC16-3ED07B1AD8A6}.Debug|ARM.Deploy.0 = Debug|Any CPU
		{DE50A02F-351C-4087-AC16-3ED07B1AD8A6}.Debug|iPhone.ActiveCfg = Debug|Any CPU
		{DE50A02F-351C-4087-AC16-3ED07B1AD8A6}.Debug|iPhone.Build.0 = Debug|Any CPU
		{DE50A02F-351C-4087-AC16-3ED07B1AD8A6}.Debug|iPhone.Deploy.0 = Debug|Any CPU
		{DE50A02F-351C-4087-AC16-3ED07B1AD8A6}.Debug|iPhoneSimulator.ActiveCfg = Debug|Any CPU
		{DE50A02F-351C-4087-AC16-3ED07B1AD8A6}.Debug|iPhoneSimulator.Build.0 = Debug|Any CPU
		{DE50A02F-351C-4087-AC16-3ED07B1AD8A6}.Debug|iPhoneSimulator.Deploy.0 = Debug|Any CPU
		{DE50A02F-351C-4087-AC16-3ED07B1AD8A6}.Debug|x64.ActiveCfg = Debug|Any CPU
		{DE50A02F-351C-4087-AC16-3ED07B1AD8A6}.Debug|x64.Build.0 = Debug|Any CPU
		{DE50A02F-351C-4087-AC16-3ED07B1AD8A6}.Debug|x64.Deploy.0 = Debug|Any CPU
		{DE50A02F-351C-4087-AC16-3ED07B1AD8A6}.Debug|x86.ActiveCfg = Debug|Any CPU
		{DE50A02F-351C-4087-AC16-3ED07B1AD8A6}.Debug|x86.Build.0 = Debug|Any CPU
		{DE50A02F-351C-4087-AC16-3ED07B1AD8A6}.Debug|x86.Deploy.0 = Debug|Any CPU
		{DE50A02F-351C-4087-AC16-3ED07B1AD8A6}.Release|Any CPU.ActiveCfg = Release|Any CPU
		{DE50A02F-351C-4087-AC16-3ED07B1AD8A6}.Release|Any CPU.Build.0 = Release|Any CPU
		{DE50A02F-351C-4087-AC16-3ED07B1AD8A6}.Release|Any CPU.Deploy.0 = Release|Any CPU
		{DE50A02F-351C-4087-AC16-3ED07B1AD8A6}.Release|ARM.ActiveCfg = Release|Any CPU
		{DE50A02F-351C-4087-AC16-3ED07B1AD8A6}.Release|ARM.Build.0 = Release|Any CPU
		{DE50A02F-351C-4087-AC16-3ED07B1AD8A6}.Release|ARM.Deploy.0 = Release|Any CPU
		{DE50A02F-351C-4087-AC16-3ED07B1AD8A6}.Release|iPhone.ActiveCfg = Release|Any CPU
		{DE50A02F-351C-4087-AC16-3ED07B1AD8A6}.Release|iPhone.Build.0 = Release|Any CPU
		{DE50A02F-351C-4087-AC16-3ED07B1AD8A6}.Release|iPhone.Deploy.0 = Release|Any CPU
		{DE50A02F-351C-4087-AC16-3ED07B1AD8A6}.Release|iPhoneSimulator.ActiveCfg = Release|Any CPU
		{DE50A02F-351C-4087-AC16-3ED07B1AD8A6}.Release|iPhoneSimulator.Build.0 = Release|Any CPU
		{DE50A02F-351C-4087-AC16-3ED07B1AD8A6}.Release|iPhoneSimulator.Deploy.0 = Release|Any CPU
		{DE50A02F-351C-4087-AC16-3ED07B1AD8A6}.Release|x64.ActiveCfg = Release|Any CPU
		{DE50A02F-351C-4087-AC16-3ED07B1AD8A6}.Release|x64.Build.0 = Release|Any CPU
		{DE50A02F-351C-4087-AC16-3ED07B1AD8A6}.Release|x64.Deploy.0 = Release|Any CPU
		{DE50A02F-351C-4087-AC16-3ED07B1AD8A6}.Release|x86.ActiveCfg = Release|Any CPU
		{DE50A02F-351C-4087-AC16-3ED07B1AD8A6}.Release|x86.Build.0 = Release|Any CPU
		{DE50A02F-351C-4087-AC16-3ED07B1AD8A6}.Release|x86.Deploy.0 = Release|Any CPU
	EndGlobalSection
	GlobalSection(SolutionProperties) = preSolution
		HideSolutionNode = FALSE
	EndGlobalSection
	GlobalSection(ExtensibilityGlobals) = postSolution
		SolutionGuid = {01CE032F-F96F-4224-8C8B-9DF84F476C19}
	EndGlobalSection
EndGlobal
