
Microsoft Visual Studio Solution File, Format Version 12.00
# Visual Studio Version 16
VisualStudioVersion = 16.0.32630.194
MinimumVisualStudioVersion = 10.0.40219.1
Project("{FAE04EC0-301F-11D3-BF4B-00C04F79EFBC}") = "App1_Cell.UWP", "App1_Cell\App1_Cell.UWP\App1_Cell.UWP.csproj", "{00D91A7D-B748-40D8-90E0-9D887A3807C2}"
EndProject
Project("{FAE04EC0-301F-11D3-BF4B-00C04F79EFBC}") = "App1_Cell.Android", "App1_Cell\App1_Cell.Android\App1_Cell.Android.csproj", "{408373C5-4135-4F7D-B4C9-DA8A88F3AE04}"
EndProject
Project("{FAE04EC0-301F-11D3-BF4B-00C04F79EFBC}") = "App1_Cell.iOS", "App1_Cell\App1_Cell.iOS\App1_Cell.iOS.csproj", "{0C3568B6-FC69-4E8F-81DE-B8266D770E53}"
EndProject
Project("{FAE04EC0-301F-11D3-BF4B-00C04F79EFBC}") = "App1_Cell", "App1_Cell\App1_Cell\App1_Cell.csproj", "{D2CA444B-36C3-45E6-A442-C2A550988EB2}"
EndProject
Global
	GlobalSection(SolutionConfigurationPlatforms) = preSolution
		Debug|Any CPU = Debug|Any CPU
		Debug|ARM = Debug|ARM
		Debug|iPhone = Debug|iPhone
		Debug|iPhoneSimulator = Debug|iPhoneSimulator
		Debug|x64 = Debug|x64
		Debug|x86 = Debug|x86
		Release|Any CPU = Release|Any CPU
		Release|ARM = Release|ARM
		Release|iPhone = Release|iPhone
		Release|iPhoneSimulator = Release|iPhoneSimulator
		Release|x64 = Release|x64
		Release|x86 = Release|x86
	EndGlobalSection
	GlobalSection(ProjectConfigurationPlatforms) = postSolution
		{00D91A7D-B748-40D8-90E0-9D887A3807C2}.Debug|Any CPU.ActiveCfg = Debug|x86
		{00D91A7D-B748-40D8-90E0-9D887A3807C2}.Debug|Any CPU.Build.0 = Debug|x86
		{00D91A7D-B748-40D8-90E0-9D887A3807C2}.Debug|Any CPU.Deploy.0 = Debug|x86
		{00D91A7D-B748-40D8-90E0-9D887A3807C2}.Debug|ARM.ActiveCfg = Debug|ARM
		{00D91A7D-B748-40D8-90E0-9D887A3807C2}.Debug|ARM.Build.0 = Debug|ARM
		{00D91A7D-B748-40D8-90E0-9D887A3807C2}.Debug|ARM.Deploy.0 = Debug|ARM
		{00D91A7D-B748-40D8-90E0-9D887A3807C2}.Debug|iPhone.ActiveCfg = Debug|x86
		{00D91A7D-B748-40D8-90E0-9D887A3807C2}.Debug|iPhone.Build.0 = Debug|x86
		{00D91A7D-B748-40D8-90E0-9D887A3807C2}.Debug|iPhone.Deploy.0 = Debug|x86
		{00D91A7D-B748-40D8-90E0-9D887A3807C2}.Debug|iPhoneSimulator.ActiveCfg = Debug|x86
		{00D91A7D-B748-40D8-90E0-9D887A3807C2}.Debug|iPhoneSimulator.Build.0 = Debug|x86
		{00D91A7D-B748-40D8-90E0-9D887A3807C2}.Debug|iPhoneSimulator.Deploy.0 = Debug|x86
		{00D91A7D-B748-40D8-90E0-9D887A3807C2}.Debug|x64.ActiveCfg = Debug|x64
		{00D91A7D-B748-40D8-90E0-9D887A3807C2}.Debug|x64.Build.0 = Debug|x64
		{00D91A7D-B748-40D8-90E0-9D887A3807C2}.Debug|x64.Deploy.0 = Debug|x64
		{00D91A7D-B748-40D8-90E0-9D887A3807C2}.Debug|x86.ActiveCfg = Debug|x86
		{00D91A7D-B748-40D8-90E0-9D887A3807C2}.Debug|x86.Build.0 = Debug|x86
		{00D91A7D-B748-40D8-90E0-9D887A3807C2}.Debug|x86.Deploy.0 = Debug|x86
		{00D91A7D-B748-40D8-90E0-9D887A3807C2}.Release|Any CPU.ActiveCfg = Release|x86
		{00D91A7D-B748-40D8-90E0-9D887A3807C2}.Release|Any CPU.Build.0 = Release|x86
		{00D91A7D-B748-40D8-90E0-9D887A3807C2}.Release|Any CPU.Deploy.0 = Release|x86
		{00D91A7D-B748-40D8-90E0-9D887A3807C2}.Release|ARM.ActiveCfg = Release|ARM
		{00D91A7D-B748-40D8-90E0-9D887A3807C2}.Release|ARM.Build.0 = Release|ARM
		{00D91A7D-B748-40D8-90E0-9D887A3807C2}.Release|ARM.Deploy.0 = Release|ARM
		{00D91A7D-B748-40D8-90E0-9D887A3807C2}.Release|iPhone.ActiveCfg = Release|x86
		{00D91A7D-B748-40D8-90E0-9D887A3807C2}.Release|iPhone.Build.0 = Release|x86
		{00D91A7D-B748-40D8-90E0-9D887A3807C2}.Release|iPhone.Deploy.0 = Release|x86
		{00D91A7D-B748-40D8-90E0-9D887A3807C2}.Release|iPhoneSimulator.ActiveCfg = Release|x86
		{00D91A7D-B748-40D8-90E0-9D887A3807C2}.Release|iPhoneSimulator.Build.0 = Release|x86
		{00D91A7D-B748-40D8-90E0-9D887A3807C2}.Release|iPhoneSimulator.Deploy.0 = Release|x86
		{00D91A7D-B748-40D8-90E0-9D887A3807C2}.Release|x64.ActiveCfg = Release|x64
		{00D91A7D-B748-40D8-90E0-9D887A3807C2}.Release|x64.Build.0 = Release|x64
		{00D91A7D-B748-40D8-90E0-9D887A3807C2}.Release|x64.Deploy.0 = Release|x64
		{00D91A7D-B748-40D8-90E0-9D887A3807C2}.Release|x86.ActiveCfg = Release|x86
		{00D91A7D-B748-40D8-90E0-9D887A3807C2}.Release|x86.Build.0 = Release|x86
		{00D91A7D-B748-40D8-90E0-9D887A3807C2}.Release|x86.Deploy.0 = Release|x86
		{408373C5-4135-4F7D-B4C9-DA8A88F3AE04}.Debug|Any CPU.ActiveCfg = Debug|Any CPU
		{408373C5-4135-4F7D-B4C9-DA8A88F3AE04}.Debug|Any CPU.Build.0 = Debug|Any CPU
		{408373C5-4135-4F7D-B4C9-DA8A88F3AE04}.Debug|Any CPU.Deploy.0 = Debug|Any CPU
		{408373C5-4135-4F7D-B4C9-DA8A88F3AE04}.Debug|ARM.ActiveCfg = Debug|Any CPU
		{408373C5-4135-4F7D-B4C9-DA8A88F3AE04}.Debug|ARM.Build.0 = Debug|Any CPU
		{408373C5-4135-4F7D-B4C9-DA8A88F3AE04}.Debug|ARM.Deploy.0 = Debug|Any CPU
		{408373C5-4135-4F7D-B4C9-DA8A88F3AE04}.Debug|iPhone.ActiveCfg = Debug|Any CPU
		{408373C5-4135-4F7D-B4C9-DA8A88F3AE04}.Debug|iPhone.Build.0 = Debug|Any CPU
		{408373C5-4135-4F7D-B4C9-DA8A88F3AE04}.Debug|iPhone.Deploy.0 = Debug|Any CPU
		{408373C5-4135-4F7D-B4C9-DA8A88F3AE04}.Debug|iPhoneSimulator.ActiveCfg = Debug|Any CPU
		{408373C5-4135-4F7D-B4C9-DA8A88F3AE04}.Debug|iPhoneSimulator.Build.0 = Debug|Any CPU
		{408373C5-4135-4F7D-B4C9-DA8A88F3AE04}.Debug|iPhoneSimulator.Deploy.0 = Debug|Any CPU
		{408373C5-4135-4F7D-B4C9-DA8A88F3AE04}.Debug|x64.ActiveCfg = Debug|Any CPU
		{408373C5-4135-4F7D-B4C9-DA8A88F3AE04}.Debug|x64.Build.0 = Debug|Any CPU
		{408373C5-4135-4F7D-B4C9-DA8A88F3AE04}.Debug|x64.Deploy.0 = Debug|Any CPU
		{408373C5-4135-4F7D-B4C9-DA8A88F3AE04}.Debug|x86.ActiveCfg = Debug|Any CPU
		{408373C5-4135-4F7D-B4C9-DA8A88F3AE04}.Debug|x86.Build.0 = Debug|Any CPU
		{408373C5-4135-4F7D-B4C9-DA8A88F3AE04}.Debug|x86.Deploy.0 = Debug|Any CPU
		{408373C5-4135-4F7D-B4C9-DA8A88F3AE04}.Release|Any CPU.ActiveCfg = Release|Any CPU
		{408373C5-4135-4F7D-B4C9-DA8A88F3AE04}.Release|Any CPU.Build.0 = Release|Any CPU
		{408373C5-4135-4F7D-B4C9-DA8A88F3AE04}.Release|Any CPU.Deploy.0 = Release|Any CPU
		{408373C5-4135-4F7D-B4C9-DA8A88F3AE04}.Release|ARM.ActiveCfg = Release|Any CPU
		{408373C5-4135-4F7D-B4C9-DA8A88F3AE04}.Release|ARM.Build.0 = Release|Any CPU
		{408373C5-4135-4F7D-B4C9-DA8A88F3AE04}.Release|ARM.Deploy.0 = Release|Any CPU
		{408373C5-4135-4F7D-B4C9-DA8A88F3AE04}.Release|iPhone.ActiveCfg = Release|Any CPU
		{408373C5-4135-4F7D-B4C9-DA8A88F3AE04}.Release|iPhone.Build.0 = Release|Any CPU
		{408373C5-4135-4F7D-B4C9-DA8A88F3AE04}.Release|iPhone.Deploy.0 = Release|Any CPU
		{408373C5-4135-4F7D-B4C9-DA8A88F3AE04}.Release|iPhoneSimulator.ActiveCfg = Release|Any CPU
		{408373C5-4135-4F7D-B4C9-DA8A88F3AE04}.Release|iPhoneSimulator.Build.0 = Release|Any CPU
		{408373C5-4135-4F7D-B4C9-DA8A88F3AE04}.Release|iPhoneSimulator.Deploy.0 = Release|Any CPU
		{408373C5-4135-4F7D-B4C9-DA8A88F3AE04}.Release|x64.ActiveCfg = Release|Any CPU
		{408373C5-4135-4F7D-B4C9-DA8A88F3AE04}.Release|x64.Build.0 = Release|Any CPU
		{408373C5-4135-4F7D-B4C9-DA8A88F3AE04}.Release|x64.Deploy.0 = Release|Any CPU
		{408373C5-4135-4F7D-B4C9-DA8A88F3AE04}.Release|x86.ActiveCfg = Release|Any CPU
		{408373C5-4135-4F7D-B4C9-DA8A88F3AE04}.Release|x86.Build.0 = Release|Any CPU
		{408373C5-4135-4F7D-B4C9-DA8A88F3AE04}.Release|x86.Deploy.0 = Release|Any CPU
		{0C3568B6-FC69-4E8F-81DE-B8266D770E53}.Debug|Any CPU.ActiveCfg = Debug|iPhoneSimulator
		{0C3568B6-FC69-4E8F-81DE-B8266D770E53}.Debug|Any CPU.Build.0 = Debug|iPhoneSimulator
		{0C3568B6-FC69-4E8F-81DE-B8266D770E53}.Debug|Any CPU.Deploy.0 = Debug|iPhoneSimulator
		{0C3568B6-FC69-4E8F-81DE-B8266D770E53}.Debug|ARM.ActiveCfg = Debug|iPhone
		{0C3568B6-FC69-4E8F-81DE-B8266D770E53}.Debug|ARM.Build.0 = Debug|iPhone
		{0C3568B6-FC69-4E8F-81DE-B8266D770E53}.Debug|ARM.Deploy.0 = Debug|iPhone
		{0C3568B6-FC69-4E8F-81DE-B8266D770E53}.Debug|iPhone.ActiveCfg = Debug|iPhone
		{0C3568B6-FC69-4E8F-81DE-B8266D770E53}.Debug|iPhone.Build.0 = Debug|iPhone
		{0C3568B6-FC69-4E8F-81DE-B8266D770E53}.Debug|iPhone.Deploy.0 = Debug|iPhone
		{0C3568B6-FC69-4E8F-81DE-B8266D770E53}.Debug|iPhoneSimulator.ActiveCfg = Debug|iPhoneSimulator
		{0C3568B6-FC69-4E8F-81DE-B8266D770E53}.Debug|iPhoneSimulator.Build.0 = Debug|iPhoneSimulator
		{0C3568B6-FC69-4E8F-81DE-B8266D770E53}.Debug|iPhoneSimulator.Deploy.0 = Debug|iPhoneSimulator
		{0C3568B6-FC69-4E8F-81DE-B8266D770E53}.Debug|x64.ActiveCfg = Debug|iPhoneSimulator
		{0C3568B6-FC69-4E8F-81DE-B8266D770E53}.Debug|x64.Build.0 = Debug|iPhoneSimulator
		{0C3568B6-FC69-4E8F-81DE-B8266D770E53}.Debug|x64.Deploy.0 = Debug|iPhoneSimulator
		{0C3568B6-FC69-4E8F-81DE-B8266D770E53}.Debug|x86.ActiveCfg = Debug|iPhoneSimulator
		{0C3568B6-FC69-4E8F-81DE-B8266D770E53}.Debug|x86.Build.0 = Debug|iPhoneSimulator
		{0C3568B6-FC69-4E8F-81DE-B8266D770E53}.Debug|x86.Deploy.0 = Debug|iPhoneSimulator
		{0C3568B6-FC69-4E8F-81DE-B8266D770E53}.Release|Any CPU.ActiveCfg = Release|iPhoneSimulator
		{0C3568B6-FC69-4E8F-81DE-B8266D770E53}.Release|Any CPU.Build.0 = Release|iPhoneSimulator
		{0C3568B6-FC69-4E8F-81DE-B8266D770E53}.Release|Any CPU.Deploy.0 = Release|iPhoneSimulator
		{0C3568B6-FC69-4E8F-81DE-B8266D770E53}.Release|ARM.ActiveCfg = Release|iPhoneSimulator
		{0C3568B6-FC69-4E8F-81DE-B8266D770E53}.Release|ARM.Build.0 = Release|iPhoneSimulator
		{0C3568B6-FC69-4E8F-81DE-B8266D770E53}.Release|ARM.Deploy.0 = Release|iPhoneSimulator
		{0C3568B6-FC69-4E8F-81DE-B8266D770E53}.Release|iPhone.ActiveCfg = Release|iPhone
		{0C3568B6-FC69-4E8F-81DE-B8266D770E53}.Release|iPhone.Build.0 = Release|iPhone
		{0C3568B6-FC69-4E8F-81DE-B8266D770E53}.Release|iPhone.Deploy.0 = Release|iPhone
		{0C3568B6-FC69-4E8F-81DE-B8266D770E53}.Release|iPhoneSimulator.ActiveCfg = Release|iPhoneSimulator
		{0C3568B6-FC69-4E8F-81DE-B8266D770E53}.Release|iPhoneSimulator.Build.0 = Release|iPhoneSimulator
		{0C3568B6-FC69-4E8F-81DE-B8266D770E53}.Release|iPhoneSimulator.Deploy.0 = Release|iPhoneSimulator
		{0C3568B6-FC69-4E8F-81DE-B8266D770E53}.Release|x64.ActiveCfg = Release|iPhoneSimulator
		{0C3568B6-FC69-4E8F-81DE-B8266D770E53}.Release|x64.Build.0 = Release|iPhoneSimulator
		{0C3568B6-FC69-4E8F-81DE-B8266D770E53}.Release|x64.Deploy.0 = Release|iPhoneSimulator
		{0C3568B6-FC69-4E8F-81DE-B8266D770E53}.Release|x86.ActiveCfg = Release|iPhoneSimulator
		{0C3568B6-FC69-4E8F-81DE-B8266D770E53}.Release|x86.Build.0 = Release|iPhoneSimulator
		{0C3568B6-FC69-4E8F-81DE-B8266D770E53}.Release|x86.Deploy.0 = Release|iPhoneSimulator
		{D2CA444B-36C3-45E6-A442-C2A550988EB2}.Debug|Any CPU.ActiveCfg = Debug|Any CPU
		{D2CA444B-36C3-45E6-A442-C2A550988EB2}.Debug|Any CPU.Build.0 = Debug|Any CPU
		{D2CA444B-36C3-45E6-A442-C2A550988EB2}.Debug|Any CPU.Deploy.0 = Debug|Any CPU
		{D2CA444B-36C3-45E6-A442-C2A550988EB2}.Debug|ARM.ActiveCfg = Debug|Any CPU
		{D2CA444B-36C3-45E6-A442-C2A550988EB2}.Debug|ARM.Build.0 = Debug|Any CPU
		{D2CA444B-36C3-45E6-A442-C2A550988EB2}.Debug|ARM.Deploy.0 = Debug|Any CPU
		{D2CA444B-36C3-45E6-A442-C2A550988EB2}.Debug|iPhone.ActiveCfg = Debug|Any CPU
		{D2CA444B-36C3-45E6-A442-C2A550988EB2}.Debug|iPhone.Build.0 = Debug|Any CPU
		{D2CA444B-36C3-45E6-A442-C2A550988EB2}.Debug|iPhone.Deploy.0 = Debug|Any CPU
		{D2CA444B-36C3-45E6-A442-C2A550988EB2}.Debug|iPhoneSimulator.ActiveCfg = Debug|Any CPU
		{D2CA444B-36C3-45E6-A442-C2A550988EB2}.Debug|iPhoneSimulator.Build.0 = Debug|Any CPU
		{D2CA444B-36C3-45E6-A442-C2A550988EB2}.Debug|iPhoneSimulator.Deploy.0 = Debug|Any CPU
		{D2CA444B-36C3-45E6-A442-C2A550988EB2}.Debug|x64.ActiveCfg = Debug|Any CPU
		{D2CA444B-36C3-45E6-A442-C2A550988EB2}.Debug|x64.Build.0 = Debug|Any CPU
		{D2CA444B-36C3-45E6-A442-C2A550988EB2}.Debug|x64.Deploy.0 = Debug|Any CPU
		{D2CA444B-36C3-45E6-A442-C2A550988EB2}.Debug|x86.ActiveCfg = Debug|Any CPU
		{D2CA444B-36C3-45E6-A442-C2A550988EB2}.Debug|x86.Build.0 = Debug|Any CPU
		{D2CA444B-36C3-45E6-A442-C2A550988EB2}.Debug|x86.Deploy.0 = Debug|Any CPU
		{D2CA444B-36C3-45E6-A442-C2A550988EB2}.Release|Any CPU.ActiveCfg = Release|Any CPU
		{D2CA444B-36C3-45E6-A442-C2A550988EB2}.Release|Any CPU.Build.0 = Release|Any CPU
		{D2CA444B-36C3-45E6-A442-C2A550988EB2}.Release|Any CPU.Deploy.0 = Release|Any CPU
		{D2CA444B-36C3-45E6-A442-C2A550988EB2}.Release|ARM.ActiveCfg = Release|Any CPU
		{D2CA444B-36C3-45E6-A442-C2A550988EB2}.Release|ARM.Build.0 = Release|Any CPU
		{D2CA444B-36C3-45E6-A442-C2A550988EB2}.Release|ARM.Deploy.0 = Release|Any CPU
		{D2CA444B-36C3-45E6-A442-C2A550988EB2}.Release|iPhone.ActiveCfg = Release|Any CPU
		{D2CA444B-36C3-45E6-A442-C2A550988EB2}.Release|iPhone.Build.0 = Release|Any CPU
		{D2CA444B-36C3-45E6-A442-C2A550988EB2}.Release|iPhone.Deploy.0 = Release|Any CPU
		{D2CA444B-36C3-45E6-A442-C2A550988EB2}.Release|iPhoneSimulator.ActiveCfg = Release|Any CPU
		{D2CA444B-36C3-45E6-A442-C2A550988EB2}.Release|iPhoneSimulator.Build.0 = Release|Any CPU
		{D2CA444B-36C3-45E6-A442-C2A550988EB2}.Release|iPhoneSimulator.Deploy.0 = Release|Any CPU
		{D2CA444B-36C3-45E6-A442-C2A550988EB2}.Release|x64.ActiveCfg = Release|Any CPU
		{D2CA444B-36C3-45E6-A442-C2A550988EB2}.Release|x64.Build.0 = Release|Any CPU
		{D2CA444B-36C3-45E6-A442-C2A550988EB2}.Release|x64.Deploy.0 = Release|Any CPU
		{D2CA444B-36C3-45E6-A442-C2A550988EB2}.Release|x86.ActiveCfg = Release|Any CPU
		{D2CA444B-36C3-45E6-A442-C2A550988EB2}.Release|x86.Build.0 = Release|Any CPU
		{D2CA444B-36C3-45E6-A442-C2A550988EB2}.Release|x86.Deploy.0 = Release|Any CPU
	EndGlobalSection
	GlobalSection(SolutionProperties) = preSolution
		HideSolutionNode = FALSE
	EndGlobalSection
	GlobalSection(ExtensibilityGlobals) = postSolution
		SolutionGuid = {6C5E63C4-CFC4-44FD-B82C-A3EFD3959AC3}
	EndGlobalSection
EndGlobal
