
Microsoft Visual Studio Solution File, Format Version 12.00
# Visual Studio Version 16
VisualStudioVersion = 16.0.32630.194
MinimumVisualStudioVersion = 10.0.40219.1
Project("{FAE04EC0-301F-11D3-BF4B-00C04F79EFBC}") = "App01_Styles.UWP", "App01_Styles\App01_Styles.UWP\App01_Styles.UWP.csproj", "{874CA659-70E1-4EC9-A552-8FF85998B0CC}"
EndProject
Project("{FAE04EC0-301F-11D3-BF4B-00C04F79EFBC}") = "App01_Styles.Android", "App01_Styles\App01_Styles.Android\App01_Styles.Android.csproj", "{D2D54E8C-7486-47DF-914B-C3D1528C98E1}"
EndProject
Project("{FAE04EC0-301F-11D3-BF4B-00C04F79EFBC}") = "App01_Styles.iOS", "App01_Styles\App01_Styles.iOS\App01_Styles.iOS.csproj", "{E114FBEF-D29B-4116-B2BA-01F8D6774242}"
EndProject
Project("{FAE04EC0-301F-11D3-BF4B-00C04F79EFBC}") = "App01_Styles", "App01_Styles\App01_Styles\App01_Styles.csproj", "{A12AF77A-1E04-47B3-BEFA-B395795A2055}"
EndProject
Global
	GlobalSection(SolutionConfigurationPlatforms) = preSolution
		Debug|Any CPU = Debug|Any CPU
		Debug|ARM = Debug|ARM
		Debug|iPhone = Debug|iPhone
		Debug|iPhoneSimulator = Debug|iPhoneSimulator
		Debug|x64 = Debug|x64
		Debug|x86 = Debug|x86
		Release|Any CPU = Release|Any CPU
		Release|ARM = Release|ARM
		Release|iPhone = Release|iPhone
		Release|iPhoneSimulator = Release|iPhoneSimulator
		Release|x64 = Release|x64
		Release|x86 = Release|x86
	EndGlobalSection
	GlobalSection(ProjectConfigurationPlatforms) = postSolution
		{874CA659-70E1-4EC9-A552-8FF85998B0CC}.Debug|Any CPU.ActiveCfg = Debug|x86
		{874CA659-70E1-4EC9-A552-8FF85998B0CC}.Debug|Any CPU.Build.0 = Debug|x86
		{874CA659-70E1-4EC9-A552-8FF85998B0CC}.Debug|Any CPU.Deploy.0 = Debug|x86
		{874CA659-70E1-4EC9-A552-8FF85998B0CC}.Debug|ARM.ActiveCfg = Debug|ARM
		{874CA659-70E1-4EC9-A552-8FF85998B0CC}.Debug|ARM.Build.0 = Debug|ARM
		{874CA659-70E1-4EC9-A552-8FF85998B0CC}.Debug|ARM.Deploy.0 = Debug|ARM
		{874CA659-70E1-4EC9-A552-8FF85998B0CC}.Debug|iPhone.ActiveCfg = Debug|x86
		{874CA659-70E1-4EC9-A552-8FF85998B0CC}.Debug|iPhone.Build.0 = Debug|x86
		{874CA659-70E1-4EC9-A552-8FF85998B0CC}.Debug|iPhone.Deploy.0 = Debug|x86
		{874CA659-70E1-4EC9-A552-8FF85998B0CC}.Debug|iPhoneSimulator.ActiveCfg = Debug|x86
		{874CA659-70E1-4EC9-A552-8FF85998B0CC}.Debug|iPhoneSimulator.Build.0 = Debug|x86
		{874CA659-70E1-4EC9-A552-8FF85998B0CC}.Debug|iPhoneSimulator.Deploy.0 = Debug|x86
		{874CA659-70E1-4EC9-A552-8FF85998B0CC}.Debug|x64.ActiveCfg = Debug|x64
		{874CA659-70E1-4EC9-A552-8FF85998B0CC}.Debug|x64.Build.0 = Debug|x64
		{874CA659-70E1-4EC9-A552-8FF85998B0CC}.Debug|x64.Deploy.0 = Debug|x64
		{874CA659-70E1-4EC9-A552-8FF85998B0CC}.Debug|x86.ActiveCfg = Debug|x86
		{874CA659-70E1-4EC9-A552-8FF85998B0CC}.Debug|x86.Build.0 = Debug|x86
		{874CA659-70E1-4EC9-A552-8FF85998B0CC}.Debug|x86.Deploy.0 = Debug|x86
		{874CA659-70E1-4EC9-A552-8FF85998B0CC}.Release|Any CPU.ActiveCfg = Release|x86
		{874CA659-70E1-4EC9-A552-8FF85998B0CC}.Release|Any CPU.Build.0 = Release|x86
		{874CA659-70E1-4EC9-A552-8FF85998B0CC}.Release|Any CPU.Deploy.0 = Release|x86
		{874CA659-70E1-4EC9-A552-8FF85998B0CC}.Release|ARM.ActiveCfg = Release|ARM
		{874CA659-70E1-4EC9-A552-8FF85998B0CC}.Release|ARM.Build.0 = Release|ARM
		{874CA659-70E1-4EC9-A552-8FF85998B0CC}.Release|ARM.Deploy.0 = Release|ARM
		{874CA659-70E1-4EC9-A552-8FF85998B0CC}.Release|iPhone.ActiveCfg = Release|x86
		{874CA659-70E1-4EC9-A552-8FF85998B0CC}.Release|iPhone.Build.0 = Release|x86
		{874CA659-70E1-4EC9-A552-8FF85998B0CC}.Release|iPhone.Deploy.0 = Release|x86
		{874CA659-70E1-4EC9-A552-8FF85998B0CC}.Release|iPhoneSimulator.ActiveCfg = Release|x86
		{874CA659-70E1-4EC9-A552-8FF85998B0CC}.Release|iPhoneSimulator.Build.0 = Release|x86
		{874CA659-70E1-4EC9-A552-8FF85998B0CC}.Release|iPhoneSimulator.Deploy.0 = Release|x86
		{874CA659-70E1-4EC9-A552-8FF85998B0CC}.Release|x64.ActiveCfg = Release|x64
		{874CA659-70E1-4EC9-A552-8FF85998B0CC}.Release|x64.Build.0 = Release|x64
		{874CA659-70E1-4EC9-A552-8FF85998B0CC}.Release|x64.Deploy.0 = Release|x64
		{874CA659-70E1-4EC9-A552-8FF85998B0CC}.Release|x86.ActiveCfg = Release|x86
		{874CA659-70E1-4EC9-A552-8FF85998B0CC}.Release|x86.Build.0 = Release|x86
		{874CA659-70E1-4EC9-A552-8FF85998B0CC}.Release|x86.Deploy.0 = Release|x86
		{D2D54E8C-7486-47DF-914B-C3D1528C98E1}.Debug|Any CPU.ActiveCfg = Debug|Any CPU
		{D2D54E8C-7486-47DF-914B-C3D1528C98E1}.Debug|Any CPU.Build.0 = Debug|Any CPU
		{D2D54E8C-7486-47DF-914B-C3D1528C98E1}.Debug|Any CPU.Deploy.0 = Debug|Any CPU
		{D2D54E8C-7486-47DF-914B-C3D1528C98E1}.Debug|ARM.ActiveCfg = Debug|Any CPU
		{D2D54E8C-7486-47DF-914B-C3D1528C98E1}.Debug|ARM.Build.0 = Debug|Any CPU
		{D2D54E8C-7486-47DF-914B-C3D1528C98E1}.Debug|ARM.Deploy.0 = Debug|Any CPU
		{D2D54E8C-7486-47DF-914B-C3D1528C98E1}.Debug|iPhone.ActiveCfg = Debug|Any CPU
		{D2D54E8C-7486-47DF-914B-C3D1528C98E1}.Debug|iPhone.Build.0 = Debug|Any CPU
		{D2D54E8C-7486-47DF-914B-C3D1528C98E1}.Debug|iPhone.Deploy.0 = Debug|Any CPU
		{D2D54E8C-7486-47DF-914B-C3D1528C98E1}.Debug|iPhoneSimulator.ActiveCfg = Debug|Any CPU
		{D2D54E8C-7486-47DF-914B-C3D1528C98E1}.Debug|iPhoneSimulator.Build.0 = Debug|Any CPU
		{D2D54E8C-7486-47DF-914B-C3D1528C98E1}.Debug|iPhoneSimulator.Deploy.0 = Debug|Any CPU
		{D2D54E8C-7486-47DF-914B-C3D1528C98E1}.Debug|x64.ActiveCfg = Debug|Any CPU
		{D2D54E8C-7486-47DF-914B-C3D1528C98E1}.Debug|x64.Build.0 = Debug|Any CPU
		{D2D54E8C-7486-47DF-914B-C3D1528C98E1}.Debug|x64.Deploy.0 = Debug|Any CPU
		{D2D54E8C-7486-47DF-914B-C3D1528C98E1}.Debug|x86.ActiveCfg = Debug|Any CPU
		{D2D54E8C-7486-47DF-914B-C3D1528C98E1}.Debug|x86.Build.0 = Debug|Any CPU
		{D2D54E8C-7486-47DF-914B-C3D1528C98E1}.Debug|x86.Deploy.0 = Debug|Any CPU
		{D2D54E8C-7486-47DF-914B-C3D1528C98E1}.Release|Any CPU.ActiveCfg = Release|Any CPU
		{D2D54E8C-7486-47DF-914B-C3D1528C98E1}.Release|Any CPU.Build.0 = Release|Any CPU
		{D2D54E8C-7486-47DF-914B-C3D1528C98E1}.Release|Any CPU.Deploy.0 = Release|Any CPU
		{D2D54E8C-7486-47DF-914B-C3D1528C98E1}.Release|ARM.ActiveCfg = Release|Any CPU
		{D2D54E8C-7486-47DF-914B-C3D1528C98E1}.Release|ARM.Build.0 = Release|Any CPU
		{D2D54E8C-7486-47DF-914B-C3D1528C98E1}.Release|ARM.Deploy.0 = Release|Any CPU
		{D2D54E8C-7486-47DF-914B-C3D1528C98E1}.Release|iPhone.ActiveCfg = Release|Any CPU
		{D2D54E8C-7486-47DF-914B-C3D1528C98E1}.Release|iPhone.Build.0 = Release|Any CPU
		{D2D54E8C-7486-47DF-914B-C3D1528C98E1}.Release|iPhone.Deploy.0 = Release|Any CPU
		{D2D54E8C-7486-47DF-914B-C3D1528C98E1}.Release|iPhoneSimulator.ActiveCfg = Release|Any CPU
		{D2D54E8C-7486-47DF-914B-C3D1528C98E1}.Release|iPhoneSimulator.Build.0 = Release|Any CPU
		{D2D54E8C-7486-47DF-914B-C3D1528C98E1}.Release|iPhoneSimulator.Deploy.0 = Release|Any CPU
		{D2D54E8C-7486-47DF-914B-C3D1528C98E1}.Release|x64.ActiveCfg = Release|Any CPU
		{D2D54E8C-7486-47DF-914B-C3D1528C98E1}.Release|x64.Build.0 = Release|Any CPU
		{D2D54E8C-7486-47DF-914B-C3D1528C98E1}.Release|x64.Deploy.0 = Release|Any CPU
		{D2D54E8C-7486-47DF-914B-C3D1528C98E1}.Release|x86.ActiveCfg = Release|Any CPU
		{D2D54E8C-7486-47DF-914B-C3D1528C98E1}.Release|x86.Build.0 = Release|Any CPU
		{D2D54E8C-7486-47DF-914B-C3D1528C98E1}.Release|x86.Deploy.0 = Release|Any CPU
		{E114FBEF-D29B-4116-B2BA-01F8D6774242}.Debug|Any CPU.ActiveCfg = Debug|iPhoneSimulator
		{E114FBEF-D29B-4116-B2BA-01F8D6774242}.Debug|Any CPU.Build.0 = Debug|iPhoneSimulator
		{E114FBEF-D29B-4116-B2BA-01F8D6774242}.Debug|Any CPU.Deploy.0 = Debug|iPhoneSimulator
		{E114FBEF-D29B-4116-B2BA-01F8D6774242}.Debug|ARM.ActiveCfg = Debug|iPhone
		{E114FBEF-D29B-4116-B2BA-01F8D6774242}.Debug|ARM.Build.0 = Debug|iPhone
		{E114FBEF-D29B-4116-B2BA-01F8D6774242}.Debug|ARM.Deploy.0 = Debug|iPhone
		{E114FBEF-D29B-4116-B2BA-01F8D6774242}.Debug|iPhone.ActiveCfg = Debug|iPhone
		{E114FBEF-D29B-4116-B2BA-01F8D6774242}.Debug|iPhone.Build.0 = Debug|iPhone
		{E114FBEF-D29B-4116-B2BA-01F8D6774242}.Debug|iPhone.Deploy.0 = Debug|iPhone
		{E114FBEF-D29B-4116-B2BA-01F8D6774242}.Debug|iPhoneSimulator.ActiveCfg = Debug|iPhoneSimulator
		{E114FBEF-D29B-4116-B2BA-01F8D6774242}.Debug|iPhoneSimulator.Build.0 = Debug|iPhoneSimulator
		{E114FBEF-D29B-4116-B2BA-01F8D6774242}.Debug|iPhoneSimulator.Deploy.0 = Debug|iPhoneSimulator
		{E114FBEF-D29B-4116-B2BA-01F8D6774242}.Debug|x64.ActiveCfg = Debug|iPhoneSimulator
		{E114FBEF-D29B-4116-B2BA-01F8D6774242}.Debug|x64.Build.0 = Debug|iPhoneSimulator
		{E114FBEF-D29B-4116-B2BA-01F8D6774242}.Debug|x64.Deploy.0 = Debug|iPhoneSimulator
		{E114FBEF-D29B-4116-B2BA-01F8D6774242}.Debug|x86.ActiveCfg = Debug|iPhoneSimulator
		{E114FBEF-D29B-4116-B2BA-01F8D6774242}.Debug|x86.Build.0 = Debug|iPhoneSimulator
		{E114FBEF-D29B-4116-B2BA-01F8D6774242}.Debug|x86.Deploy.0 = Debug|iPhoneSimulator
		{E114FBEF-D29B-4116-B2BA-01F8D6774242}.Release|Any CPU.ActiveCfg = Release|iPhoneSimulator
		{E114FBEF-D29B-4116-B2BA-01F8D6774242}.Release|Any CPU.Build.0 = Release|iPhoneSimulator
		{E114FBEF-D29B-4116-B2BA-01F8D6774242}.Release|Any CPU.Deploy.0 = Release|iPhoneSimulator
		{E114FBEF-D29B-4116-B2BA-01F8D6774242}.Release|ARM.ActiveCfg = Release|iPhoneSimulator
		{E114FBEF-D29B-4116-B2BA-01F8D6774242}.Release|ARM.Build.0 = Release|iPhoneSimulator
		{E114FBEF-D29B-4116-B2BA-01F8D6774242}.Release|ARM.Deploy.0 = Release|iPhoneSimulator
		{E114FBEF-D29B-4116-B2BA-01F8D6774242}.Release|iPhone.ActiveCfg = Release|iPhone
		{E114FBEF-D29B-4116-B2BA-01F8D6774242}.Release|iPhone.Build.0 = Release|iPhone
		{E114FBEF-D29B-4116-B2BA-01F8D6774242}.Release|iPhone.Deploy.0 = Release|iPhone
		{E114FBEF-D29B-4116-B2BA-01F8D6774242}.Release|iPhoneSimulator.ActiveCfg = Release|iPhoneSimulator
		{E114FBEF-D29B-4116-B2BA-01F8D6774242}.Release|iPhoneSimulator.Build.0 = Release|iPhoneSimulator
		{E114FBEF-D29B-4116-B2BA-01F8D6774242}.Release|iPhoneSimulator.Deploy.0 = Release|iPhoneSimulator
		{E114FBEF-D29B-4116-B2BA-01F8D6774242}.Release|x64.ActiveCfg = Release|iPhoneSimulator
		{E114FBEF-D29B-4116-B2BA-01F8D6774242}.Release|x64.Build.0 = Release|iPhoneSimulator
		{E114FBEF-D29B-4116-B2BA-01F8D6774242}.Release|x64.Deploy.0 = Release|iPhoneSimulator
		{E114FBEF-D29B-4116-B2BA-01F8D6774242}.Release|x86.ActiveCfg = Release|iPhoneSimulator
		{E114FBEF-D29B-4116-B2BA-01F8D6774242}.Release|x86.Build.0 = Release|iPhoneSimulator
		{E114FBEF-D29B-4116-B2BA-01F8D6774242}.Release|x86.Deploy.0 = Release|iPhoneSimulator
		{A12AF77A-1E04-47B3-BEFA-B395795A2055}.Debug|Any CPU.ActiveCfg = Debug|Any CPU
		{A12AF77A-1E04-47B3-BEFA-B395795A2055}.Debug|Any CPU.Build.0 = Debug|Any CPU
		{A12AF77A-1E04-47B3-BEFA-B395795A2055}.Debug|Any CPU.Deploy.0 = Debug|Any CPU
		{A12AF77A-1E04-47B3-BEFA-B395795A2055}.Debug|ARM.ActiveCfg = Debug|Any CPU
		{A12AF77A-1E04-47B3-BEFA-B395795A2055}.Debug|ARM.Build.0 = Debug|Any CPU
		{A12AF77A-1E04-47B3-BEFA-B395795A2055}.Debug|ARM.Deploy.0 = Debug|Any CPU
		{A12AF77A-1E04-47B3-BEFA-B395795A2055}.Debug|iPhone.ActiveCfg = Debug|Any CPU
		{A12AF77A-1E04-47B3-BEFA-B395795A2055}.Debug|iPhone.Build.0 = Debug|Any CPU
		{A12AF77A-1E04-47B3-BEFA-B395795A2055}.Debug|iPhone.Deploy.0 = Debug|Any CPU
		{A12AF77A-1E04-47B3-BEFA-B395795A2055}.Debug|iPhoneSimulator.ActiveCfg = Debug|Any CPU
		{A12AF77A-1E04-47B3-BEFA-B395795A2055}.Debug|iPhoneSimulator.Build.0 = Debug|Any CPU
		{A12AF77A-1E04-47B3-BEFA-B395795A2055}.Debug|iPhoneSimulator.Deploy.0 = Debug|Any CPU
		{A12AF77A-1E04-47B3-BEFA-B395795A2055}.Debug|x64.ActiveCfg = Debug|Any CPU
		{A12AF77A-1E04-47B3-BEFA-B395795A2055}.Debug|x64.Build.0 = Debug|Any CPU
		{A12AF77A-1E04-47B3-BEFA-B395795A2055}.Debug|x64.Deploy.0 = Debug|Any CPU
		{A12AF77A-1E04-47B3-BEFA-B395795A2055}.Debug|x86.ActiveCfg = Debug|Any CPU
		{A12AF77A-1E04-47B3-BEFA-B395795A2055}.Debug|x86.Build.0 = Debug|Any CPU
		{A12AF77A-1E04-47B3-BEFA-B395795A2055}.Debug|x86.Deploy.0 = Debug|Any CPU
		{A12AF77A-1E04-47B3-BEFA-B395795A2055}.Release|Any CPU.ActiveCfg = Release|Any CPU
		{A12AF77A-1E04-47B3-BEFA-B395795A2055}.Release|Any CPU.Build.0 = Release|Any CPU
		{A12AF77A-1E04-47B3-BEFA-B395795A2055}.Release|Any CPU.Deploy.0 = Release|Any CPU
		{A12AF77A-1E04-47B3-BEFA-B395795A2055}.Release|ARM.ActiveCfg = Release|Any CPU
		{A12AF77A-1E04-47B3-BEFA-B395795A2055}.Release|ARM.Build.0 = Release|Any CPU
		{A12AF77A-1E04-47B3-BEFA-B395795A2055}.Release|ARM.Deploy.0 = Release|Any CPU
		{A12AF77A-1E04-47B3-BEFA-B395795A2055}.Release|iPhone.ActiveCfg = Release|Any CPU
		{A12AF77A-1E04-47B3-BEFA-B395795A2055}.Release|iPhone.Build.0 = Release|Any CPU
		{A12AF77A-1E04-47B3-BEFA-B395795A2055}.Release|iPhone.Deploy.0 = Release|Any CPU
		{A12AF77A-1E04-47B3-BEFA-B395795A2055}.Release|iPhoneSimulator.ActiveCfg = Release|Any CPU
		{A12AF77A-1E04-47B3-BEFA-B395795A2055}.Release|iPhoneSimulator.Build.0 = Release|Any CPU
		{A12AF77A-1E04-47B3-BEFA-B395795A2055}.Release|iPhoneSimulator.Deploy.0 = Release|Any CPU
		{A12AF77A-1E04-47B3-BEFA-B395795A2055}.Release|x64.ActiveCfg = Release|Any CPU
		{A12AF77A-1E04-47B3-BEFA-B395795A2055}.Release|x64.Build.0 = Release|Any CPU
		{A12AF77A-1E04-47B3-BEFA-B395795A2055}.Release|x64.Deploy.0 = Release|Any CPU
		{A12AF77A-1E04-47B3-BEFA-B395795A2055}.Release|x86.ActiveCfg = Release|Any CPU
		{A12AF77A-1E04-47B3-BEFA-B395795A2055}.Release|x86.Build.0 = Release|Any CPU
		{A12AF77A-1E04-47B3-BEFA-B395795A2055}.Release|x86.Deploy.0 = Release|Any CPU
	EndGlobalSection
	GlobalSection(SolutionProperties) = preSolution
		HideSolutionNode = FALSE
	EndGlobalSection
	GlobalSection(ExtensibilityGlobals) = postSolution
		SolutionGuid = {DD32F34F-3A44-4FB4-8DDA-9242C710F26C}
	EndGlobalSection
EndGlobal
