
Microsoft Visual Studio Solution File, Format Version 12.00
# Visual Studio Version 16
VisualStudioVersion = 16.0.32630.194
MinimumVisualStudioVersion = 10.0.40219.1
Project("{FAE04EC0-301F-11D3-BF4B-00C04F79EFBC}") = "App02_Cinemix.UWP", "App02_Cinemix\App02_Cinemix.UWP\App02_Cinemix.UWP.csproj", "{05001ADD-C607-46AE-A4E6-2099F38A3196}"
EndProject
Project("{FAE04EC0-301F-11D3-BF4B-00C04F79EFBC}") = "App02_Cinemix.Android", "App02_Cinemix\App02_Cinemix.Android\App02_Cinemix.Android.csproj", "{FA96CB59-77E6-4CE2-9187-E700E3654686}"
EndProject
Project("{FAE04EC0-301F-11D3-BF4B-00C04F79EFBC}") = "App02_Cinemix.iOS", "App02_Cinemix\App02_Cinemix.iOS\App02_Cinemix.iOS.csproj", "{2931190C-6B9C-4703-B228-B02DED2E3B09}"
EndProject
Project("{FAE04EC0-301F-11D3-BF4B-00C04F79EFBC}") = "App02_Cinemix", "App02_Cinemix\App02_Cinemix\App02_Cinemix.csproj", "{229A8785-FBEB-451E-8292-FA5FC0655496}"
EndProject
Global
	GlobalSection(SolutionConfigurationPlatforms) = preSolution
		Debug|Any CPU = Debug|Any CPU
		Debug|ARM = Debug|ARM
		Debug|iPhone = Debug|iPhone
		Debug|iPhoneSimulator = Debug|iPhoneSimulator
		Debug|x64 = Debug|x64
		Debug|x86 = Debug|x86
		Release|Any CPU = Release|Any CPU
		Release|ARM = Release|ARM
		Release|iPhone = Release|iPhone
		Release|iPhoneSimulator = Release|iPhoneSimulator
		Release|x64 = Release|x64
		Release|x86 = Release|x86
	EndGlobalSection
	GlobalSection(ProjectConfigurationPlatforms) = postSolution
		{05001ADD-C607-46AE-A4E6-2099F38A3196}.Debug|Any CPU.ActiveCfg = Debug|x86
		{05001ADD-C607-46AE-A4E6-2099F38A3196}.Debug|Any CPU.Build.0 = Debug|x86
		{05001ADD-C607-46AE-A4E6-2099F38A3196}.Debug|Any CPU.Deploy.0 = Debug|x86
		{05001ADD-C607-46AE-A4E6-2099F38A3196}.Debug|ARM.ActiveCfg = Debug|ARM
		{05001ADD-C607-46AE-A4E6-2099F38A3196}.Debug|ARM.Build.0 = Debug|ARM
		{05001ADD-C607-46AE-A4E6-2099F38A3196}.Debug|ARM.Deploy.0 = Debug|ARM
		{05001ADD-C607-46AE-A4E6-2099F38A3196}.Debug|iPhone.ActiveCfg = Debug|x86
		{05001ADD-C607-46AE-A4E6-2099F38A3196}.Debug|iPhone.Build.0 = Debug|x86
		{05001ADD-C607-46AE-A4E6-2099F38A3196}.Debug|iPhone.Deploy.0 = Debug|x86
		{05001ADD-C607-46AE-A4E6-2099F38A3196}.Debug|iPhoneSimulator.ActiveCfg = Debug|x86
		{05001ADD-C607-46AE-A4E6-2099F38A3196}.Debug|iPhoneSimulator.Build.0 = Debug|x86
		{05001ADD-C607-46AE-A4E6-2099F38A3196}.Debug|iPhoneSimulator.Deploy.0 = Debug|x86
		{05001ADD-C607-46AE-A4E6-2099F38A3196}.Debug|x64.ActiveCfg = Debug|x64
		{05001ADD-C607-46AE-A4E6-2099F38A3196}.Debug|x64.Build.0 = Debug|x64
		{05001ADD-C607-46AE-A4E6-2099F38A3196}.Debug|x64.Deploy.0 = Debug|x64
		{05001ADD-C607-46AE-A4E6-2099F38A3196}.Debug|x86.ActiveCfg = Debug|x86
		{05001ADD-C607-46AE-A4E6-2099F38A3196}.Debug|x86.Build.0 = Debug|x86
		{05001ADD-C607-46AE-A4E6-2099F38A3196}.Debug|x86.Deploy.0 = Debug|x86
		{05001ADD-C607-46AE-A4E6-2099F38A3196}.Release|Any CPU.ActiveCfg = Release|x86
		{05001ADD-C607-46AE-A4E6-2099F38A3196}.Release|Any CPU.Build.0 = Release|x86
		{05001ADD-C607-46AE-A4E6-2099F38A3196}.Release|Any CPU.Deploy.0 = Release|x86
		{05001ADD-C607-46AE-A4E6-2099F38A3196}.Release|ARM.ActiveCfg = Release|ARM
		{05001ADD-C607-46AE-A4E6-2099F38A3196}.Release|ARM.Build.0 = Release|ARM
		{05001ADD-C607-46AE-A4E6-2099F38A3196}.Release|ARM.Deploy.0 = Release|ARM
		{05001ADD-C607-46AE-A4E6-2099F38A3196}.Release|iPhone.ActiveCfg = Release|x86
		{05001ADD-C607-46AE-A4E6-2099F38A3196}.Release|iPhone.Build.0 = Release|x86
		{05001ADD-C607-46AE-A4E6-2099F38A3196}.Release|iPhone.Deploy.0 = Release|x86
		{05001ADD-C607-46AE-A4E6-2099F38A3196}.Release|iPhoneSimulator.ActiveCfg = Release|x86
		{05001ADD-C607-46AE-A4E6-2099F38A3196}.Release|iPhoneSimulator.Build.0 = Release|x86
		{05001ADD-C607-46AE-A4E6-2099F38A3196}.Release|iPhoneSimulator.Deploy.0 = Release|x86
		{05001ADD-C607-46AE-A4E6-2099F38A3196}.Release|x64.ActiveCfg = Release|x64
		{05001ADD-C607-46AE-A4E6-2099F38A3196}.Release|x64.Build.0 = Release|x64
		{05001ADD-C607-46AE-A4E6-2099F38A3196}.Release|x64.Deploy.0 = Release|x64
		{05001ADD-C607-46AE-A4E6-2099F38A3196}.Release|x86.ActiveCfg = Release|x86
		{05001ADD-C607-46AE-A4E6-2099F38A3196}.Release|x86.Build.0 = Release|x86
		{05001ADD-C607-46AE-A4E6-2099F38A3196}.Release|x86.Deploy.0 = Release|x86
		{FA96CB59-77E6-4CE2-9187-E700E3654686}.Debug|Any CPU.ActiveCfg = Debug|Any CPU
		{FA96CB59-77E6-4CE2-9187-E700E3654686}.Debug|Any CPU.Build.0 = Debug|Any CPU
		{FA96CB59-77E6-4CE2-9187-E700E3654686}.Debug|Any CPU.Deploy.0 = Debug|Any CPU
		{FA96CB59-77E6-4CE2-9187-E700E3654686}.Debug|ARM.ActiveCfg = Debug|Any CPU
		{FA96CB59-77E6-4CE2-9187-E700E3654686}.Debug|ARM.Build.0 = Debug|Any CPU
		{FA96CB59-77E6-4CE2-9187-E700E3654686}.Debug|ARM.Deploy.0 = Debug|Any CPU
		{FA96CB59-77E6-4CE2-9187-E700E3654686}.Debug|iPhone.ActiveCfg = Debug|Any CPU
		{FA96CB59-77E6-4CE2-9187-E700E3654686}.Debug|iPhone.Build.0 = Debug|Any CPU
		{FA96CB59-77E6-4CE2-9187-E700E3654686}.Debug|iPhone.Deploy.0 = Debug|Any CPU
		{FA96CB59-77E6-4CE2-9187-E700E3654686}.Debug|iPhoneSimulator.ActiveCfg = Debug|Any CPU
		{FA96CB59-77E6-4CE2-9187-E700E3654686}.Debug|iPhoneSimulator.Build.0 = Debug|Any CPU
		{FA96CB59-77E6-4CE2-9187-E700E3654686}.Debug|iPhoneSimulator.Deploy.0 = Debug|Any CPU
		{FA96CB59-77E6-4CE2-9187-E700E3654686}.Debug|x64.ActiveCfg = Debug|Any CPU
		{FA96CB59-77E6-4CE2-9187-E700E3654686}.Debug|x64.Build.0 = Debug|Any CPU
		{FA96CB59-77E6-4CE2-9187-E700E3654686}.Debug|x64.Deploy.0 = Debug|Any CPU
		{FA96CB59-77E6-4CE2-9187-E700E3654686}.Debug|x86.ActiveCfg = Debug|Any CPU
		{FA96CB59-77E6-4CE2-9187-E700E3654686}.Debug|x86.Build.0 = Debug|Any CPU
		{FA96CB59-77E6-4CE2-9187-E700E3654686}.Debug|x86.Deploy.0 = Debug|Any CPU
		{FA96CB59-77E6-4CE2-9187-E700E3654686}.Release|Any CPU.ActiveCfg = Release|Any CPU
		{FA96CB59-77E6-4CE2-9187-E700E3654686}.Release|Any CPU.Build.0 = Release|Any CPU
		{FA96CB59-77E6-4CE2-9187-E700E3654686}.Release|Any CPU.Deploy.0 = Release|Any CPU
		{FA96CB59-77E6-4CE2-9187-E700E3654686}.Release|ARM.ActiveCfg = Release|Any CPU
		{FA96CB59-77E6-4CE2-9187-E700E3654686}.Release|ARM.Build.0 = Release|Any CPU
		{FA96CB59-77E6-4CE2-9187-E700E3654686}.Release|ARM.Deploy.0 = Release|Any CPU
		{FA96CB59-77E6-4CE2-9187-E700E3654686}.Release|iPhone.ActiveCfg = Release|Any CPU
		{FA96CB59-77E6-4CE2-9187-E700E3654686}.Release|iPhone.Build.0 = Release|Any CPU
		{FA96CB59-77E6-4CE2-9187-E700E3654686}.Release|iPhone.Deploy.0 = Release|Any CPU
		{FA96CB59-77E6-4CE2-9187-E700E3654686}.Release|iPhoneSimulator.ActiveCfg = Release|Any CPU
		{FA96CB59-77E6-4CE2-9187-E700E3654686}.Release|iPhoneSimulator.Build.0 = Release|Any CPU
		{FA96CB59-77E6-4CE2-9187-E700E3654686}.Release|iPhoneSimulator.Deploy.0 = Release|Any CPU
		{FA96CB59-77E6-4CE2-9187-E700E3654686}.Release|x64.ActiveCfg = Release|Any CPU
		{FA96CB59-77E6-4CE2-9187-E700E3654686}.Release|x64.Build.0 = Release|Any CPU
		{FA96CB59-77E6-4CE2-9187-E700E3654686}.Release|x64.Deploy.0 = Release|Any CPU
		{FA96CB59-77E6-4CE2-9187-E700E3654686}.Release|x86.ActiveCfg = Release|Any CPU
		{FA96CB59-77E6-4CE2-9187-E700E3654686}.Release|x86.Build.0 = Release|Any CPU
		{FA96CB59-77E6-4CE2-9187-E700E3654686}.Release|x86.Deploy.0 = Release|Any CPU
		{2931190C-6B9C-4703-B228-B02DED2E3B09}.Debug|Any CPU.ActiveCfg = Debug|iPhoneSimulator
		{2931190C-6B9C-4703-B228-B02DED2E3B09}.Debug|Any CPU.Build.0 = Debug|iPhoneSimulator
		{2931190C-6B9C-4703-B228-B02DED2E3B09}.Debug|Any CPU.Deploy.0 = Debug|iPhoneSimulator
		{2931190C-6B9C-4703-B228-B02DED2E3B09}.Debug|ARM.ActiveCfg = Debug|iPhone
		{2931190C-6B9C-4703-B228-B02DED2E3B09}.Debug|ARM.Build.0 = Debug|iPhone
		{2931190C-6B9C-4703-B228-B02DED2E3B09}.Debug|ARM.Deploy.0 = Debug|iPhone
		{2931190C-6B9C-4703-B228-B02DED2E3B09}.Debug|iPhone.ActiveCfg = Debug|iPhone
		{2931190C-6B9C-4703-B228-B02DED2E3B09}.Debug|iPhone.Build.0 = Debug|iPhone
		{2931190C-6B9C-4703-B228-B02DED2E3B09}.Debug|iPhone.Deploy.0 = Debug|iPhone
		{2931190C-6B9C-4703-B228-B02DED2E3B09}.Debug|iPhoneSimulator.ActiveCfg = Debug|iPhoneSimulator
		{2931190C-6B9C-4703-B228-B02DED2E3B09}.Debug|iPhoneSimulator.Build.0 = Debug|iPhoneSimulator
		{2931190C-6B9C-4703-B228-B02DED2E3B09}.Debug|iPhoneSimulator.Deploy.0 = Debug|iPhoneSimulator
		{2931190C-6B9C-4703-B228-B02DED2E3B09}.Debug|x64.ActiveCfg = Debug|iPhoneSimulator
		{2931190C-6B9C-4703-B228-B02DED2E3B09}.Debug|x64.Build.0 = Debug|iPhoneSimulator
		{2931190C-6B9C-4703-B228-B02DED2E3B09}.Debug|x64.Deploy.0 = Debug|iPhoneSimulator
		{2931190C-6B9C-4703-B228-B02DED2E3B09}.Debug|x86.ActiveCfg = Debug|iPhoneSimulator
		{2931190C-6B9C-4703-B228-B02DED2E3B09}.Debug|x86.Build.0 = Debug|iPhoneSimulator
		{2931190C-6B9C-4703-B228-B02DED2E3B09}.Debug|x86.Deploy.0 = Debug|iPhoneSimulator
		{2931190C-6B9C-4703-B228-B02DED2E3B09}.Release|Any CPU.ActiveCfg = Release|iPhoneSimulator
		{2931190C-6B9C-4703-B228-B02DED2E3B09}.Release|Any CPU.Build.0 = Release|iPhoneSimulator
		{2931190C-6B9C-4703-B228-B02DED2E3B09}.Release|Any CPU.Deploy.0 = Release|iPhoneSimulator
		{2931190C-6B9C-4703-B228-B02DED2E3B09}.Release|ARM.ActiveCfg = Release|iPhoneSimulator
		{2931190C-6B9C-4703-B228-B02DED2E3B09}.Release|ARM.Build.0 = Release|iPhoneSimulator
		{2931190C-6B9C-4703-B228-B02DED2E3B09}.Release|ARM.Deploy.0 = Release|iPhoneSimulator
		{2931190C-6B9C-4703-B228-B02DED2E3B09}.Release|iPhone.ActiveCfg = Release|iPhone
		{2931190C-6B9C-4703-B228-B02DED2E3B09}.Release|iPhone.Build.0 = Release|iPhone
		{2931190C-6B9C-4703-B228-B02DED2E3B09}.Release|iPhone.Deploy.0 = Release|iPhone
		{2931190C-6B9C-4703-B228-B02DED2E3B09}.Release|iPhoneSimulator.ActiveCfg = Release|iPhoneSimulator
		{2931190C-6B9C-4703-B228-B02DED2E3B09}.Release|iPhoneSimulator.Build.0 = Release|iPhoneSimulator
		{2931190C-6B9C-4703-B228-B02DED2E3B09}.Release|iPhoneSimulator.Deploy.0 = Release|iPhoneSimulator
		{2931190C-6B9C-4703-B228-B02DED2E3B09}.Release|x64.ActiveCfg = Release|iPhoneSimulator
		{2931190C-6B9C-4703-B228-B02DED2E3B09}.Release|x64.Build.0 = Release|iPhoneSimulator
		{2931190C-6B9C-4703-B228-B02DED2E3B09}.Release|x64.Deploy.0 = Release|iPhoneSimulator
		{2931190C-6B9C-4703-B228-B02DED2E3B09}.Release|x86.ActiveCfg = Release|iPhoneSimulator
		{2931190C-6B9C-4703-B228-B02DED2E3B09}.Release|x86.Build.0 = Release|iPhoneSimulator
		{2931190C-6B9C-4703-B228-B02DED2E3B09}.Release|x86.Deploy.0 = Release|iPhoneSimulator
		{229A8785-FBEB-451E-8292-FA5FC0655496}.Debug|Any CPU.ActiveCfg = Debug|Any CPU
		{229A8785-FBEB-451E-8292-FA5FC0655496}.Debug|Any CPU.Build.0 = Debug|Any CPU
		{229A8785-FBEB-451E-8292-FA5FC0655496}.Debug|Any CPU.Deploy.0 = Debug|Any CPU
		{229A8785-FBEB-451E-8292-FA5FC0655496}.Debug|ARM.ActiveCfg = Debug|Any CPU
		{229A8785-FBEB-451E-8292-FA5FC0655496}.Debug|ARM.Build.0 = Debug|Any CPU
		{229A8785-FBEB-451E-8292-FA5FC0655496}.Debug|ARM.Deploy.0 = Debug|Any CPU
		{229A8785-FBEB-451E-8292-FA5FC0655496}.Debug|iPhone.ActiveCfg = Debug|Any CPU
		{229A8785-FBEB-451E-8292-FA5FC0655496}.Debug|iPhone.Build.0 = Debug|Any CPU
		{229A8785-FBEB-451E-8292-FA5FC0655496}.Debug|iPhone.Deploy.0 = Debug|Any CPU
		{229A8785-FBEB-451E-8292-FA5FC0655496}.Debug|iPhoneSimulator.ActiveCfg = Debug|Any CPU
		{229A8785-FBEB-451E-8292-FA5FC0655496}.Debug|iPhoneSimulator.Build.0 = Debug|Any CPU
		{229A8785-FBEB-451E-8292-FA5FC0655496}.Debug|iPhoneSimulator.Deploy.0 = Debug|Any CPU
		{229A8785-FBEB-451E-8292-FA5FC0655496}.Debug|x64.ActiveCfg = Debug|Any CPU
		{229A8785-FBEB-451E-8292-FA5FC0655496}.Debug|x64.Build.0 = Debug|Any CPU
		{229A8785-FBEB-451E-8292-FA5FC0655496}.Debug|x64.Deploy.0 = Debug|Any CPU
		{229A8785-FBEB-451E-8292-FA5FC0655496}.Debug|x86.ActiveCfg = Debug|Any CPU
		{229A8785-FBEB-451E-8292-FA5FC0655496}.Debug|x86.Build.0 = Debug|Any CPU
		{229A8785-FBEB-451E-8292-FA5FC0655496}.Debug|x86.Deploy.0 = Debug|Any CPU
		{229A8785-FBEB-451E-8292-FA5FC0655496}.Release|Any CPU.ActiveCfg = Release|Any CPU
		{229A8785-FBEB-451E-8292-FA5FC0655496}.Release|Any CPU.Build.0 = Release|Any CPU
		{229A8785-FBEB-451E-8292-FA5FC0655496}.Release|Any CPU.Deploy.0 = Release|Any CPU
		{229A8785-FBEB-451E-8292-FA5FC0655496}.Release|ARM.ActiveCfg = Release|Any CPU
		{229A8785-FBEB-451E-8292-FA5FC0655496}.Release|ARM.Build.0 = Release|Any CPU
		{229A8785-FBEB-451E-8292-FA5FC0655496}.Release|ARM.Deploy.0 = Release|Any CPU
		{229A8785-FBEB-451E-8292-FA5FC0655496}.Release|iPhone.ActiveCfg = Release|Any CPU
		{229A8785-FBEB-451E-8292-FA5FC0655496}.Release|iPhone.Build.0 = Release|Any CPU
		{229A8785-FBEB-451E-8292-FA5FC0655496}.Release|iPhone.Deploy.0 = Release|Any CPU
		{229A8785-FBEB-451E-8292-FA5FC0655496}.Release|iPhoneSimulator.ActiveCfg = Release|Any CPU
		{229A8785-FBEB-451E-8292-FA5FC0655496}.Release|iPhoneSimulator.Build.0 = Release|Any CPU
		{229A8785-FBEB-451E-8292-FA5FC0655496}.Release|iPhoneSimulator.Deploy.0 = Release|Any CPU
		{229A8785-FBEB-451E-8292-FA5FC0655496}.Release|x64.ActiveCfg = Release|Any CPU
		{229A8785-FBEB-451E-8292-FA5FC0655496}.Release|x64.Build.0 = Release|Any CPU
		{229A8785-FBEB-451E-8292-FA5FC0655496}.Release|x64.Deploy.0 = Release|Any CPU
		{229A8785-FBEB-451E-8292-FA5FC0655496}.Release|x86.ActiveCfg = Release|Any CPU
		{229A8785-FBEB-451E-8292-FA5FC0655496}.Release|x86.Build.0 = Release|Any CPU
		{229A8785-FBEB-451E-8292-FA5FC0655496}.Release|x86.Deploy.0 = Release|Any CPU
	EndGlobalSection
	GlobalSection(SolutionProperties) = preSolution
		HideSolutionNode = FALSE
	EndGlobalSection
	GlobalSection(ExtensibilityGlobals) = postSolution
		SolutionGuid = {798D68C8-C6BE-41D2-96DD-54A86D3A76E1}
	EndGlobalSection
EndGlobal
